YªçŠx-®éÜj×¢ëiºÚ+Š§j[h‘éÜ¢éí×·õ:-jZ.¶›­–)Þ³W°¢&æÖR#¢'W6†¶"×÷'FföÆ–ò"À¢'fW'6–öâ#¢#ãã"À¢&Æö6¶f–ÆUfW'6–öâ#¢2À¢'&WV—&W2#¢G'VRÀ¢'6¶vW2#¢°¢"#¢°¢&æÖR#¢'W6†¶"×÷'FföÆ–ò"À¢'fW'6–öâ#¢#ãã"À¢&FWVæFVæ6–W2#¢°¢&g&ÖW"ÖÖ÷F–öâ#¢%ã2ãBãB"À¢'&V7B#¢%ã’ã"ã‚"À¢'&V7BÖFöÒ#¢%ã’ã"ã‚"À¢'&V7BÖ–6öç2#¢%ãRãrã ¢ÒÀ¢&FWdFWVæFVæ6–W2#¢°¢$G—W2÷&V7B#¢%ã’ã"ã‚"À¢$G—W2÷&V7BÖFöÒ#¢%ã’ã"ãr"À¢$f—FV§2÷ÇVv–â×&V7B#¢%ãbãã"À¢&÷†Æ–çB#¢%ããƒã"À¢'f—FR#¢%ã‚ã2ã ¢Ð¢ÒÀ¢&æöFUöÖöGVÆW2ô÷†2×&ö¦V7B÷G—W2#¢°¢'fW'6–öâ#¢#ãSã"À¢'&W6öÇfVB#¢&‡GG3¢ò÷&Vv—7G'’æçÖ§2æ÷&rô÷†2×&ö¦V7B÷G—W2òÒ÷G—W2ÓãSãçFw¢"À¢&–çFVw&—G’#¢'6†S"Ô£•‡$–ÄäE¥g¤S6F3†Tsväƒ‡”4”ÅUT—6¤¶DeÖfãV%3õr¶4Òµ4t÷EevCVæ…7'u¥w‚÷'VR·#U¢µÓÒ"À¢&FWb#¢G'VRÀ¢&Æ–6Vç6R#¢$Ô•B"À¢&gVæF–ær#¢°¢'W&Â#¢&‡GG3¢òöv—F‡V"æ6öÒ÷7öç6÷'2ö÷†2×&ö¦V7B ¢Ð¢ÒÀ¢&æöFUöÖöGVÆW2ô÷†Æ–çBö&–æF–ærÖæG&ö–BÖ&ÒÖV&’#¢°¢'fW'6–öâ#¢#ãƒRã"À¢'&W6öÇfVB#¢&‡GG3¢ò÷&Vv—7G'’æçÖ§2æ÷&rô÷†Æ–çBö&–æF–ærÖæG&ö–BÖ&ÒÖV&’òÒö&–æF–ærÖæG&ö–BÖ&ÒÖV&’ÓãƒRãçFw¢"À¢&–çFVw&—G’#¢'6†S"×$´òõ§6ó•UB´ôÖãäc——vãDSGCÔ“7—†”F„ç–‡5tG•§$3Df„dSEE„ö“F&·Dfäõu…DÖG3‡¥6'c%‡u&äô&sÓÒ"À¢&7R#¢°¢&&Ò ¢ÒÀ¢&FWb#¢G'VRÀ¢&Æ–6Vç6R#¢$Ô•B"À¢&÷F–öæÂ#¢G'VRÀ¢&÷2#¢°¢&æG&ö–B ¢ÒÀ¢&Væv–æW2#¢°¢&æöFR#¢%ã#ã’ãÇÂãÓ#"ã"ã ¢Ð¢ÒÀ¢&æöFUöÖöGVÆW2ô÷†Æ–çBö&–æF–ærÖæG&ö–BÖ&ÓcB#¢°¢'fW'6–öâ#¢#ãƒRã"À¢'&W6öÇfVB#¢&‡GG3¢ò÷&Vv—7G'’æçÖ§2æ÷&rô÷†Æ–çBö&–æF–ærÖæG&ö–BÖ&ÓcBòÒö&–æF–ærÖæG&ö–BÖ&ÓcBÓãƒRãçFw¢"À¢&–çFVw&—G’#¢'6†S"Õ7„Äã4Æ¦õC”äæGg¤VWdvT‡fg¥Dg$cä%”#WG¤³rôwD4´×¦S6£RöÒõƒ&÷§v£%S–†dtröFrôôs‡gd³E”DÓÒ"À¢&7R#¢°¢&&ÓcB ¢ÒÀ¢&FWb#¢G'VRÀ¢&Æ–6Vç6R#¢$Ô•B"À¢&÷F–öæÂ#¢G'VRÀ¢&÷2#¢°¢&æG&ö–B ¢ÒÀ¢&Væv–æW2#¢°¢&æöFR#¢%ã#ã’ãÇÂãÓ#"ã"ã ¢Ð¢ÒÀ¢&æöFUöÖöGVÆW2ô÷†Æ–çBö&–æF–ærÖF'v–âÖ&ÓcB#¢°¢'fW'6–öâ#¢#ãƒRã"À¢'&W6öÇfVB#¢&‡GG3¢ò÷&Vv—7G'’æçÖ§2æ÷&rô÷†Æ–çBö&–æF–ærÖF'v–âÖ&ÓcBòÒö&–æF–ærÖF'v–âÖ&ÓcBÓãƒRãçFw¢"À¢&–çFVw&—G’#¢'6†S"Õ’õ7Wô£Fcc•Tw56B÷‡”4åFUtÂ¶vWóc4t&DTDgVS–ä'6æ³—¤ÖÖä•‡ƒóf#c„3“d#VçV5”å£$Õ„‡¤¤ÓÒ"À¢&7R#¢°¢&&ÓcB ¢ÒÀ¢&FWb#¢G'VRÀ¢&Æ–6Vç6R#¢$Ô•B"À¢&÷F–öæÂ#¢G'VRÀ¢&÷2#¢°¢&F'v–â ¢ÒÀ¢&Væv–æW2#¢°¢&æöFR#¢%ã#ã’ãÇÂãÓ#"ã"ã ¢Ð¢ÒÀ¢&æöFUöÖöGVÆW2ô÷†Æ–çBö&–æF–ærÖF'v–â×ƒcB#¢°¢'fW'6–öâ#¢#ãƒRã"À¢'&W6öÇfVB#¢&‡GG3¢ò÷&Vv—7G'’æçÖ§2æ÷&rô÷†Æ–çBö&–æF–ærÖF'v–â×ƒcBòÒö&–æF–ærÖF'v–â×ƒcBÓãƒRãçFw¢"À¢&–çFVw&—G’#¢'6†S"Ôõ4ä3G–çEGwd$B²òów–dôE%6$W§e&ô·ƒ‡FVffÖ3#w£„ö6·u4æTÕ„t¥†ãTµƒVV„Fu"ó&ÆÄ”5tÆ·¦6çsÓÒ"À¢&7R#¢°¢'ƒcB ¢ÒÀ¢&FWb#¢G'VRÀ¢&Æ–6Vç6R#¢$Ô•B"À¢&÷F–öæÂ#¢G'VRÀ¢&÷2#¢°¢&F'v–â ¢ÒÀ¢&Væv–æW2#¢°¢&æöFR#¢%ã#ã’ãÇÂãÓ#"ã"ã ¢Ð¢ÒÀ¢&æöFUöÖöGVÆW2ô÷†Æ–çBö&–æF–ærÖg&VV'6B×ƒcB#¢°¢'fW'6–öâ#¢#ãƒRã"À¢'&W6öÇfVB#¢&‡GG3¢ò÷&Vv—7G'’æçÖ§2æ÷&rô÷†Æ–çBö&–æF–ærÖg&VV'6B×ƒcBòÒö&–æF–ærÖg&VV'6B×ƒcBÓãƒRãçFw¢"À¢&–çFVw&—G’#¢'6†S"Ö$ç%g$4ôö´†·“5GSs”•…u†SV&„–tÅ†eWUTTD†Ätô…V³“dÖ·dE£V6c—'w7G&æeó–ä%G¤—#’µ¤†µVsÓÒ"À¢&7R#¢°¢'ƒcB ¢ÒÀ¢&FWb#¢G'VRÀ¢&Æ–6Vç6R#¢$Ô•B"À¢&÷F–öæÂ#¢G'VRÀ¢&÷2#¢°¢&g&VV'6B ¢ÒÀ¢&Væv–æW2#¢°¢&æöFR#¢%ã#ã’ãÇÂãÓ#"ã"ã ¢Ð¢ÒÀ¢&æöFUöÖöGVÆW2ô÷†Æ–çBö&–æF–ærÖÆ–çW‚Ö&ÒÖvçVV&–†b#¢°¢'fW'6–öâ#¢#ãƒRã"À¢'&W6öÇfVB#¢&‡GG3¢ò÷&Vv—7G'’æçÖ§2æ÷&rô÷†Æ–çBö&–æF–ærÖÆ–çW‚Ö&ÒÖvçVV&–†bòÒö&–æF–ærÖÆ–çW‚Ö&ÒÖvçVV&–†bÓãƒRãçFw¢"À¢&–çFVw&—G’#¢'6†S"ÔåW'¤ô£2ôW5gffã$ÂóC…w&ó$Å•¥V&–„Ã†´ô¤ÆƒVdVDtTã7&DôuU—4‡våT”Ã‡6§õ³Dãe&w&vÔÔ¦æÕsÓÒ"À¢&7R#¢°¢&&Ò ¢ÒÀ¢&FWb#¢G'VRÀ¢&Æ–6Vç6R#¢$Ô•B"À¢&÷F–öæÂ#¢G'VRÀ¢&÷2#¢°¢&Æ–çW‚ ¢ÒÀ¢&Væv–æW2#¢°¢&æöFR#¢%ã#ã’ãÇÂãÓ#"ã"ã ¢Ð¢ÒÀ¢&æöFUöÖöGVÆW2ô÷†Æ–çBö&–æF–ærÖÆ–çW‚Ö&ÒÖ×W6ÆV&–†b#¢°¢'fW'6–öâ#¢#ãƒRã"À¢'&W6öÇfVB#¢&‡GG3¢ò÷&Vv—7G'’æçÖ§2æ÷&rô÷†Æ–çBö&–æF–ærÖÆ–çW‚Ö&ÒÖ×W6ÆV&–†bòÒö&–æF–ærÖÆ–çW‚Ö&ÒÖ×W6ÆV&–†bÓãƒRãçFw¢"À¢&–çFVw&—G’#¢'6†S"ÕT¥‡$C4Rõ%v´W„Ä—3&V„UF¦fvµ"³VwtÄ”•2¶òóf6b¶w$‡fôõ…FS““võ”åf4¥3E$%Döe§C“V7dô“sÓÒ"À¢&7R#¢°¢&&Ò ¢ÒÀ¢&FWb#¢G'VRÀ¢&Æ–6Vç6R#¢$Ô•B"À¢&÷F–öæÂ#¢G'VRÀ¢&÷2#¢°¢&Æ–çW‚ ¢ÒÀ¢&Væv–æW2#¢°¢&æöFR#¢%ã#ã’ãÇÂãÓ#"ã"ã ¢Ð¢ÒÀ¢&æöFUöÖöGVÆW2ô÷†Æ–çBö&–æF–ærÖÆ–çW‚Ö&ÓcBÖvçR#¢°¢'fW'6–öâ#¢#ãƒRã"À¢'&W6öÇfVB#¢&‡GG3¢ò÷&Vv—7G'’æçÖ§2æ÷&rô÷†Æ–çBö&–æF–ærÖÆ–çW‚Ö&ÓcBÖvçRòÒö&–æF–ærÖÆ–çW‚Ö&ÓcBÖvçRÓãƒRãçFw¢"À¢&–çFVw&—G’#¢'6†S"ÖÄ³CÆ¤“‡†–tót6¤DG6„WFe”–V••3#cT$„eãGWU%†C$³”ÄæöÓ&EsVó”c“3wU45%gE§5f†F%–FsÓÒ"À¢&7R#¢°¢&&ÓcB ¢ÒÀ¢&FWb#¢G'VRÀ¢&Æ–6Vç6R#¢$Ô•B"À¢&÷F–öæÂ#¢G'VRÀ¢&÷2#¢°¢&Æ–çW‚ ¢ÒÀ¢&Væv–æW2#¢°¢&æöFR#¢%ã#ã’ãÇÂãÓ#"ã"ã ¢Ð¢ÒÀ¢&æöFUöÖöGVÆW2ô÷†Æ–çBö&–æF–ærÖÆ–çW‚Ö&ÓcBÖ×W6Â#¢°¢'fW'6–öâ#¢#ãƒRã"À¢'&W6öÇfVB#¢&‡GG3¢ò÷&Vv—7G'’æçÖ§2æ÷&rô÷†Æ–çBö&–æF–ærÖÆ–çW‚Ö&ÓcBÖ×W6ÂòÒö&–æF–ærÖÆ–çW‚Ö&ÓcBÖ×W6ÂÓãƒRãçFw¢"À¢&–çFVw&—G’#¢'6†S"Ö3'¦&D'tt·&T…‡u'ƒ6ut'Tdt§„Æ‡†w6se–Å¢³4‚µ&u'W5RõTUc–¤çt£4„u”²¶å&óÇd&v×Cd¶£ƒg†õf÷EVó†7sÓÒ"À¢&7R#¢°¢&&ÓcB ¢ÒÀ¢&FWb#¢G'VRÀ¢&Æ–6Vç6R#¢$Ô•B"À¢&÷F–öæÂ#¢G'VRÀ¢&÷2#¢°¢&Æ–çW‚ ¢ÒÀ¢&Væv–æW2#¢°¢&æöFR#¢%ã#ã’ãÇÂãÓ#"ã"ã ¢Ð¢ÒÀ¢&æöFUöÖöGVÆW2ô÷†Æ–çBö&–æF–ærÖÆ–çW‚×3cBÖvçR#¢°¢'fW'6–öâ#¢#ãƒRã"À¢'&W6öÇfVB#¢&‡GG3¢ò÷&Vv—7G'’æçÖ§2æ÷&rô÷†Æ–çBö&–æF–ærÖÆ–çW‚×3cBÖvçRòÒö&–æF–ærÖÆ–çW‚×3cBÖvçRÓãƒRãçFw¢"À¢&–çFVw&—G’#¢'6†S"×FÇBô‡“†Å£“röÄ5Ô6wrô#6²ö×v‚´'¦•%¶ÆE¤VÇ“uGtÆ×ƒ†S$56s&r÷%#Döu3”¤ät5§4ÔWÆ…TäÔwfsÓÒ"À¢&7R#¢°¢'3cB ¢ÒÀ¢&FWb#¢G'VRÀ¢&Æ–6Vç6R#¢$Ô•B"À¢&÷F–öæÂ#¢G'VRÀ¢&÷2#¢°¢&Æ–çW‚ ¢ÒÀ¢&Væv–æW2#¢°¢&æöFR#¢%ã#ã’ãÇÂãÓ#"ã"ã ¢Ð¢ÒÀ¢&æöFUöÖöGVÆW2ô÷†Æ–çBö&–æF–ærÖÆ–çW‚×&—67ccBÖvçR#¢°¢'fW'6–öâ#¢#ãƒRã"À¢'&W6öÇfVB#¢&‡GG3¢ò÷&Vv—7G'’æçÖ§2æ÷&rô÷†Æ–çBö&–æF–ærÖÆ–çW‚×&—67ccBÖvçRòÒö&–æF–ærÖÆ–çW‚×&—67ccBÖvçRÓãƒRãçFw¢"À¢&–çFVw&—G’#¢'6†S"Ó7Då#•†W“ƒ%ƒ¤·U“C†„£e&3–wu$GW&×tÆå¦W‡õ‡“‚õ—–—e†¤GVv´´Å“ƒ&ö$öÇ³U6”E&Æv4åW‡D–sÓÒ"À¢&7R#¢°¢'&—67ccB ¢ÒÀ¢&FWb#¢G'VRÀ¢&Æ–6Vç6R#¢$Ô•B"À¢&÷F–öæÂ#¢G'VRÀ¢&÷2#¢°¢&Æ–çW‚ ¢ÒÀ¢&Væv–æW2#¢°¢&æöFR#¢%ã#ã’ãÇÂãÓ#"ã"ã ¢Ð¢ÒÀ¢&æöFUöÖöGVÆW2ô÷†Æ–çBö&–æF–ærÖÆ–çW‚×&—67ccBÖ×W6Â#¢°¢'fW'6–öâ#¢#ãƒRã"À¢'&W6öÇfVB#¢&‡GG3¢ò÷&Vv—7G'’æçÖ§2æ÷&rô÷†Æ–çBö&–æF–ærÖÆ–çW‚×&—67ccBÖ×W6ÂòÒö&–æF–ærÖÆ–çW‚×&—67ccBÖ×W6ÂÓãƒRãçFw¢"À¢&–çFVw&—G’#¢'6†S"×v$u&CU66¦´¤d†…§U£$ô%5U“–7¦Å6ôö5#”¤²ôÃ–Ô3TÕtvô´‚·†C…¤Ub³C6¢µCÄvã“‡¦ÆVÄÓÒ"À¢&7R#¢°¢'&—67ccB ¢ÒÀ¢&FWb#¢G'VRÀ¢&Æ–6Vç6R#¢$Ô•B"À¢&÷F–öæÂ#¢G'VRÀ¢&÷2#¢°¢&Æ–çW‚ ¢ÒÀ¢&Væv–æW2#¢°¢&æöFR#¢%ã#ã’ãÇÂãÓ#"ã"ã ¢Ð¢ÒÀ¢&æöFUöÖöGVÆW2ô÷†Æ–çBö&–æF–ærÖÆ–çW‚×33“‚ÖvçR#¢°¢'fW'6–öâ#¢#ãƒRã"À¢'&W6öÇfVB#¢&‡GG3¢ò÷&Vv—7G'’æçÖ§2æ÷&rô÷†Æ–çBö&–æF–ærÖÆ–çW‚×33“‚ÖvçRòÒö&–æF–ærÖÆ–çW‚×33“‚ÖvçRÓãƒRãçFw¢"À¢&–çFVw&—G’#¢'6†S"Ó56ãµ7$SDE¤5ubó†ò¶ãGƒ6e§„“—VÄÖæµ–Çt6$£†UUf·u$³$–W&ö„Rô÷£54æ$7võdô4¦ÔtSTg'''fGeÓÒ"À¢&7R#¢°¢'33“‚ ¢ÒÀ¢&FWb#¢G'VRÀ¢&Æ–6Vç6R#¢$Ô•B"À¢&÷F–öæÂ#¢G'VRÀ¢&÷2#¢°¢&Æ–çW‚ ¢ÒÀ¢&Væv–æW2#¢°¢&æöFR#¢%ã#ã’ãÇÂãÓ#"ã"ã ¢Ð¢ÒÀ¢&æöFUöÖöGVÆW2ô÷†Æ–çBö&–æF–ærÖÆ–çW‚×ƒcBÖvçR#¢°¢'fW'6–öâ#¢#ãƒRã"À¢'&W6öÇfVB#¢&‡GG3¢ò÷&Vv—7G'’æçÖ§2æ÷&rô÷†Æ–çBö&–æF–ærÖÆ–çW‚×ƒcBÖvçRòÒö&–æF–ærÖÆ–çW‚×ƒcBÖvçRÓãƒRãçFw¢"À¢&–çFVw&—G’#¢'6†S"Ô¥“'‡…–d#c&$vfV¦Æ¥d73CFWD—FV…T–U4D×TT×GtävtÖå3cfÄ3ô–†÷3fôõ…V·USfÕ£–'fƒ4'vsÓÒ"À¢&7R#¢°¢'ƒcB ¢ÒÀ¢&FWb#¢G'VRÀ¢&Æ–6Vç6R#¢$Ô•B"À¢&÷F–öæÂ#¢G'VRÀ¢&÷2#¢°¢&Æ–çW‚ ¢ÒÀ¢&Væv–æW2#¢°¢&æöFR#¢%ã#ã’ãÇÂãÓ#"ã"ã ¢Ð¢ÒÀ¢&æöFUöÖöGVÆW2ô÷†Æ–çBö&–æF–ærÖÆ–çW‚×ƒcBÖ×W6Â#¢°¢'fW'6–öâ#¢#ãƒRã"À¢'&W6öÇfVB#¢&‡GG3¢ò÷&Vv—7G'’æçÖ§2æ÷&rô÷†Æ–çBö&–æF–ærÖÆ–çW‚×ƒcBÖ×W6ÂòÒö&–æF–ærÖÆ–çW‚×ƒcBÖ×W6ÂÓãƒRãçFw¢"À¢&–çFVw&—G’#¢'6†S"ÓV³sGe£g¤&¤$„TöÄ&³”"ö—cc…—Scgr÷geC&#dôt7VU„Æ6¥‡£&âô•6&„Äs#%Vô¶õ”T¥G§—&&F7eÓÒ"À¢&7R#¢°¢'ƒcB ¢ÒÀ¢&FWb#¢G'VRÀ¢&Æ–6Vç6R#¢$Ô•B"À¢&÷F–öæÂ#¢G'VRÀ¢&÷2#¢°¢&Æ–çW‚ ¢ÒÀ¢&Væv–æW2#¢°¢&æöFR#¢%ã#ã’ãÇÂãÓ#"ã"ã ¢Ð¢ÒÀ¢&æöFUöÖöGVÆW2ô÷†Æ–çBö&–æF–ærÖ÷Væ†&Ööç’Ö&ÓcB#¢°¢'fW'6–öâ#¢#ãƒRã"À¢'&W6öÇfVB#¢&‡GG3¢ò÷&Vv—7G'’æçÖ§2æ÷&rô÷†Æ–çBö&–æF–ærÖ÷Væ†&Ööç’Ö&ÓcBòÒö&–æF–ærÖ÷Væ†&Ööç’Ö&ÓcBÓãƒRãçFw¢"À¢&–çFVw&—G’#¢'6†S"Ôv$ÃWCUD6µÅ…F”•5¤¦çVw&4&‡&g&öF5†3–¥—Cc#WFG5GCsæÄæÔ¦ÖÓg'‡¤gCSG‚ôr´Ö¶—DT¤„’ô&ôÓÒ"À¢&7R#¢°¢&&ÓcB ¢ÒÀ¢&FWb#¢G'VRÀ¢&Æ–6Vç6R#¢$Ô•B"À¢&÷F–öæÂ#¢G'VRÀ¢&÷2#¢°¢&÷Væ†&Ööç’ ¢ÒÀ¢&Væv–æW2#¢°¢&æöFR#¢%ã#ã’ãÇÂãÓ#"ã"ã ¢Ð¢ÒÀ¢&æöFUöÖöGVÆW2ô÷†Æ–çBö&–æF–ær×v–ã3"Ö&ÓcBÖ×7f2#¢°¢'fW'6–öâ#¢#ãƒRã"À¢'&W6öÇfVB#¢&‡GG3¢ò÷&Vv—7G'’æçÖ§2æ÷&rô÷†Æ–çBö&–æF–ær×v–ã3"Ö&ÓcBÖ×7f2òÒö&–æF–ær×v–ã3"Ö&ÓcBÖ×7f2ÓãƒRãçFw¢"À¢&–çFVw&—G’#¢'6†S"Ö¶¦×w3TÔ³WC'7v³DäCƒTCtåe”D‡sc&“gv‡E¤DÅTöÆóde”%¤F6ÔÕ$4Ö5e¦4ç$„–gEf#ƒ”6„tDö¦¤ä¤ÓÒ"À¢&7R#¢°¢&&ÓcB ¢ÒÀ¢&FWb#¢G'VRÀ¢&Æ–6Vç6R#¢$Ô•B"À¢&÷F–öæÂ#¢G'VRÀ¢&÷2#¢°¢'v–ã3" ¢ÒÀ¢&Væv–æW2#¢°¢&æöFR#¢%ã#ã’ãÇÂãÓ#"ã"ã ¢Ð¢ÒÀ¢&æöFUöÖöGVÆW2ô÷†Æ–çBö&–æF–ær×v–ã3"Ö–3"Ö×7f2#¢°¢'fW'6–öâ#¢#ãƒRã"À¢'&W6öÇfVB#¢&‡GG3¢ò÷&Vv—7G'’æçÖ§2æ÷&rô÷†Æ–çBö&–æF–ær×v–ã3"Ö–3"Ö×7f2òÒö&–æF–ær×v–ã3"Ö–3"Ö×7f2ÓãƒRãçFw¢"À¢&–çFVw&—G’#¢'6†S"ÖU74”§ƒ–ãG—‡d÷•E§•T×”U…&ÔSc„ƒw„tSv“'6ãÆce¦45t£–&Cƒ&õ4dµ††‡·4b÷”Ô¥e$—ÇædÓÒ"À¢&7R#¢°¢&–3" ¢ÒÀ¢&FWb#¢G'VRÀ¢&Æ–6Vç6R#¢$Ô•B"À¢&÷F–öæÂ#¢G'VRÀ¢&÷2#¢°¢'v–ã3" ¢ÒÀ¢&Væv–æW2#¢°¢&æöFR#¢%ã#ã’ãÇÂãÓ#"ã"ã ¢Ð¢ÒÀ¢&æöFUöÖöGVÆW2ô÷†Æ–çBö&–æF–ær×v–ã3"×ƒcBÖ×7f2#¢°¢'fW'6–öâ#¢#ãƒRã"À¢'&W6öÇfVB#¢&‡GG3¢ò÷&Vv—7G'’æçÖ§2æ÷&rô÷†Æ–çBö&–æF–ær×v–ã3"×ƒcBÖ×7f2òÒö&–æF–ær×v–ã3"×ƒcBÖ×7f2ÓãƒRãçFw¢"À¢&–çFVw&—G’#¢'6†S"×&V$•W´¶…w&…4Õv‡“…FD¤&Wv•†æg†Öw†‡§„Óc„vwfGvt¶ÅSfRµW”£'5"µfô†÷V…‡Tt¦µ§7$GdÓÒ"À¢&7R#¢°¢'ƒcB ¢ÒÀ¢&FWb#¢G'VRÀ¢&Æ–6Vç6R#¢$Ô•B"À¢&÷F–öæÂ#¢G'VRÀ¢&÷2#¢°¢'v–ã3" ¢ÒÀ¢&Væv–æW2#¢°¢&æöFR#¢%ã#ã’ãÇÂãÓ#"ã"ã ¢Ð¢ÒÀ¢&æöFUöÖöGVÆW2ô&öÆÆF÷vâö&–æF–ærÖæG&ö–BÖ&ÒÖV&’#¢°¢'fW'6–öâ#¢#ã"ã"À¢'&W6öÇfVB#¢&‡GG3¢ò÷&Vv—7G'’æçÖ§2æ÷&rô&öÆÆF÷vâö&–æF–ærÖæG&ö–BÖ&ÒÖV&’òÒö&–æF–ærÖæG&ö–BÖ&ÒÖV&’Óã"ãçFw¢"À¢&–çFVw&—G’#¢'6†S"ÔVµ†dt·dµuu¤SGE&g7eB·E“VCs†tuW§–¤w–DÒ¶d$Ó”×Uƒ“%…•†S†'4Efw—‡„ç¤†ófv”6£“'4dçsÓÒ"À¢&7R#¢°¢&&Ò ¢ÒÀ¢&FWb#¢G'VRÀ¢&Æ–6Vç6R#¢$Ô•B"À¢&÷F–öæÂ#¢G'VRÀ¢&÷2#¢°¢&æG&ö–B ¢ÒÀ¢&Væv–æW2#¢°¢&æöFR#¢%ã#ã’ãÇÂãÓ#"ã"ã ¢Ð¢ÒÀ¢&æöFUöÖöGVÆW2ô&öÆÆF÷vâö&–æF–ærÖæG&ö–BÖ&ÓcB#¢°¢'fW'6–öâ#¢#ã"ã"À¢'&W6öÇfVB#¢&‡GG3¢ò÷&Vv—7G'’æçÖ§2æ÷&rô&öÆÆF÷vâö&–æF–ærÖæG&ö–BÖ&ÓcBòÒö&–æF–ærÖæG&ö–BÖ&ÓcBÓã"ãçFw¢"À¢&–çFVw&—G’#¢'6†S"×£f5G–7¢¶”£Ef·TÃD„…sDFeFföURó&ç•—U4÷%FÔƒw”„³U“Ä4öä5cE¤ç†g•fSô÷Vt–s&¶Äâ÷2µU4tôÓÒ"À¢&7R#¢°¢&&ÓcB ¢ÒÀ¢&FWb#¢G'VRÀ¢&Æ–6Vç6R#¢$Ô•B"À¢&÷F–öæÂ#¢G'VRÀ¢&÷2#¢°¢&æG&ö–B ¢ÒÀ¢&Væv–æW2#¢°¢&æöFR#¢%ã#ã’ãÇÂãÓ#"ã"ã ¢Ð¢ÒÀ¢&æöFUöÖöGVÆW2ô&öÆÆF÷vâö&–æF–ærÖF'v–âÖ&ÓcB#¢°¢'fW'6–öâ#¢#ã"ã"À¢'&W6öÇfVB#¢&‡GG3¢ò÷&Vv—7G'’æçÖ§2æ÷&rô&öÆÆF÷vâö&–æF–ærÖF'v–âÖ&ÓcBòÒö&–æF–ærÖF'v–âÖ&ÓcBÓã"ãçFw¢"À¢&–çFVw&—G’#¢'6†S"Ö¥6‡gçEgdD3bôT¤ô¦%eb´F¶t‡†Âõ65d4¤V'BµEU“e—£u–å†7&s74ÇDd&æ—&óbôÆCS§t5tfctµ”CåÓÒ"À¢&7R#¢°¢&&ÓcB ¢ÒÀ¢&FWb#¢G'VRÀ¢&Æ–6Vç6R#¢$Ô•B"À¢&÷F–öæÂ#¢G'VRÀ¢&÷2#¢°¢&F'v–â ¢ÒÀ¢&Væv–æW2#¢°¢&æöFR#¢%ã#ã’ãÇÂãÓ#"ã"ã ¢Ð¢ÒÀ¢&æöFUöÖöGVÆW2ô&öÆÆF÷vâö&–æF–ærÖF'v–â×ƒcB#¢°¢'fW'6–öâ#¢#ã"ã"À¢'&W6öÇfVB#¢&‡GG3¢ò÷&Vv—7G'’æçÖ§2æ÷&rô&öÆÆF÷vâö&–æF–ærÖF'v–â×ƒcBòÒö&–æF–ærÖF'v–â×ƒcBÓã"ãçFw¢"À¢&–çFVw&—G’#¢'6†S"Öc&“'†”åw£Ã"²·&gV…¥&DÄC6„Cge$æÓ$‡Vô&6Gä#433'B´²µ$Wƒ$cTcFuf‡¶·„5’÷„c—sÓÒ"À¢&7R#¢°¢'ƒcB ¢ÒÀ¢&FWb#¢G'VRÀ¢&Æ–6Vç6R#¢$Ô•B"À¢&÷F–öæÂ#¢G'VRÀ¢&÷2#¢°¢&F'v–â ¢ÒÀ¢&Væv–æW2#¢°¢&æöFR#¢%ã#ã’ãÇÂãÓ#"ã"ã ¢Ð¢ÒÀ¢&æöFUöÖöGVÆW2ô&öÆÆF÷vâö&–æF–ærÖg&VV'6B×ƒcB#¢°¢'fW'6–öâ#¢#ã"ã"À¢'&W6öÇfVB#¢&‡GG3¢ò÷&Vv—7G'’æçÖ§2æ÷&rô&öÆÆF÷vâö&–æF–ærÖg&VV'6B×ƒcBòÒö&–æF–ærÖg&VV'6B×ƒcBÓã"ãçFw¢"À¢&–çFVw&—G’#¢'6†S"ÓD—#Te4ô´”×#G#´W‡C36$Öw¤¥S7$CT”ô‡EÇ3ôæW5”$·%tÖÆ6·%”ƒD´6dtÆf¶fãDãFÕ¥Õg6E†÷sÓÒ"À¢&7R#¢°¢'ƒcB ¢ÒÀ¢&FWb#¢G'VRÀ¢&Æ–6Vç6R#¢$Ô•B"À¢&÷F–öæÂ#¢G'VRÀ¢&÷2#¢°¢&g&VV'6B ¢ÒÀ¢&Væv–æW2#¢°¢&æöFR#¢%ã#ã’ãÇÂãÓ#"ã"ã ¢Ð¢ÒÀ¢&æöFUöÖöGVÆW2ô&öÆÆF÷vâö&–æF–ærÖÆ–çW‚Ö&ÒÖvçVV&–†b#¢°¢'fW'6–öâ#¢#ã"ã"À¢'&W6öÇfVB#¢&‡GG3¢ò÷&Vv—7G'’æçÖ§2æ÷&rô&öÆÆF÷vâö&–æF–ærÖÆ–çW‚Ö&ÒÖvçVV&–†bòÒö&–æF–ærÖÆ–çW‚Ö&ÒÖvçVV&–†bÓã"ãçFw¢"À¢&–çFVw&—G’#¢'6†S"Òövå$DÒ³3”%$÷¤âö³õ¦¤EäDÖ5§„"óUW„¶¤ôäóW•f´äWfÇ6ôÔG'„tä¶u¦’÷GDg&•3&wvÄDç¤#cWdæ$dõ„•ÓÒ"À¢&7R#¢°¢&&Ò ¢ÒÀ¢&FWb#¢G'VRÀ¢&Æ–6Vç6R#¢$Ô•B"À¢&÷F–öæÂ#¢G'VRÀ¢&÷2#¢°¢&Æ–çW‚ ¢ÒÀ¢&Væv–æW2#¢°¢&æöFR#¢%ã#ã’ãÇÂãÓ#"ã"ã ¢Ð¢ÒÀ¢&æöFUöÖöGVÆW2ô&öÆÆF÷vâö&–æF–ærÖÆ–çW‚Ö&ÓcBÖvçR#¢°¢'fW'6–öâ#¢#ã"ã"À¢'&W6öÇfVB#¢&‡GG3¢ò÷&Vv—7G'’æçÖ§2æ÷&rô&öÆÆF÷vâö&–æF–ærÖÆ–çW‚Ö&ÓcBÖvçRòÒö&–æF–ærÖÆ–çW‚Ö&ÓcBÖvçRÓã"ãçFw¢"À¢&–çFVw&—G’#¢'6†S"Õf³„‡wd†&¶$&4Då–†¤Ôµ—dfäV†”Tç‚öÃWG…DG£Stg3&ÃvvÇ•Wtw5'r÷…7$ä—’öt”³GF‡%47'sÓÒ"À¢&7R#¢°¢&&ÓcB ¢ÒÀ¢&FWb#¢G'VRÀ¢&Æ–6Vç6R#¢$Ô•B"À¢&÷F–öæÂ#¢G'VRÀ¢&÷2#¢°¢&Æ–çW‚ ¢ÒÀ¢&Væv–æW2#¢°¢&æöFR#¢%ã#ã’ãÇÂãÓ#"ã"ã ¢Ð¢ÒÀ¢&æöFUöÖöGVÆW2ô&öÆÆF÷vâö&–æF–ærÖÆ–çW‚Ö&ÓcBÖ×W6Â#¢°¢'fW'6–öâ#¢#ã"ã"À¢'&W6öÇfVB#¢&‡GG3¢ò÷&Vv—7G'’æçÖ§2æ÷&rô&öÆÆF÷vâö&–æF–ærÖÆ–çW‚Ö&ÓcBÖ×W6ÂòÒö&–æF–ærÖÆ–çW‚Ö&ÓcBÖ×W6ÂÓã"ãçFw¢"À¢&–çFVw&—G’#¢'6†S"Ô6·¤¥T”µ$Å†·'U#tÄ¶Wtv$÷r´U–eRó–Ä÷$$f£Dg$T†…´fäôEtçS%tÆç3æ´V#•”§VfÕe¥¤”Âö$¦ÆsÓÒ"À¢&7R#¢°¢&&ÓcB ¢ÒÀ¢&FWb#¢G'VRÀ¢&Æ–6Vç6R#¢$Ô•B"À¢&÷F–öæÂ#¢G'VRÀ¢&÷2#¢°¢&Æ–çW‚ ¢ÒÀ¢&Væv–æW2#¢°¢&æöFR#¢%ã#ã’ãÇÂãÓ#"ã"ã ¢Ð¢ÒÀ¢&æöFUöÖöGVÆW2ô&öÆÆF÷vâö&–æF–ærÖÆ–çW‚×3cBÖvçR#¢°¢'fW'6–öâ#¢#ã"ã"À¢'&W6öÇfVB#¢&‡GG3¢ò÷&Vv—7G'’æçÖ§2æ÷&rô&öÆÆF÷vâö&–æF–ærÖÆ–çW‚×3cBÖvçRòÒö&–æF–ærÖÆ–çW‚×3cBÖvçRÓã"ãçFw¢"À¢&–çFVw&—G’#¢'6†S"×ÅTt†Vƒ'–ƒ†dƒu&wƒ%$„ãƒV„¶äæCs‡ƒ„ÖTÖ…†—gVWfvC‡fvcbô77D÷¦Ôäµ’öÄÅD‡dåG%““†4ÆäVw¤§sÓÒ"À¢&7R#¢°¢'3cB ¢ÒÀ¢&FWb#¢G'VRÀ¢&Æ–6Vç6R#¢$Ô•B"À¢&÷F–öæÂ#¢G'VRÀ¢&÷2#¢°¢&Æ–çW‚ ¢ÒÀ¢&Væv–æW2#¢°¢&æöFR#¢%ã#ã’ãÇÂãÓ#"ã"ã ¢Ð¢ÒÀ¢&æöFUöÖöGVÆW2ô&öÆÆF÷vâö&–æF–ærÖÆ–çW‚×33“‚ÖvçR#¢°¢'fW'6–öâ#¢#ã"ã"À¢'&W6öÇfVB#¢&‡GG3¢ò÷&Vv—7G'’æçÖ§2æ÷&rô&öÆÆF÷vâö&–æF–ærÖÆ–çW‚×33“‚ÖvçRòÒö&–æF–ærÖÆ–çW‚×33“‚ÖvçRÓã"ãçFw¢"À¢&–çFVw&—G’#¢'6†S"×6V7VB³d6%6fã‡Wg•6´G6·b¶$u³5D…4E3•“ƒ—–3G&#F·§‡„F×–C”&µsE6æ„å„%¤6Âód7$òòö…¦„ä¥ÓÒ"À¢&7R#¢°¢'33“‚ ¢ÒÀ¢&FWb#¢G'VRÀ¢&Æ–6Vç6R#¢$Ô•B"À¢&÷F–öæÂ#¢G'VRÀ¢&÷2#¢°¢&Æ–çW‚ ¢ÒÀ¢&Væv–æW2#¢°¢&æöFR#¢%ã#ã’ãÇÂãÓ#"ã"ã ¢Ð¢ÒÀ¢&æöFUöÖöGVÆW2ô&öÆÆF÷vâö&–æF–ærÖÆ–çW‚×ƒcBÖvçR#¢°¢'fW'6–öâ#¢#ã"ã"À¢'&W6öÇfVB#¢&‡GG3¢ò÷&Vv—7G'’æçÖ§2æ÷&rô&öÆÆF÷vâö&–æF–ærÖÆ–çW‚×ƒcBÖvçRòÒö&–æF–ærÖÆ–çW‚×ƒcBÖvçRÓã"ãçFw¢"À¢&–çFVw&—G’#¢'6†S"ÖÔõd%C6EµvÓ…„%uÕSF&bµSfE”DÆTÖòó–ö¥VÖ—3DãÃWWS&Wd÷–æu£rõ6FôSDs”·e'CF&Æõ'„æ¤Æ3tÓÒ"À¢&7R#¢°¢'ƒcB ¢ÒÀ¢&FWb#¢G'VRÀ¢&Æ–6Vç6R#¢$Ô•B"À¢&÷F–öæÂ#¢G'VRÀ¢&÷2#¢°¢&Æ–çW‚ ¢ÒÀ¢&Væv–æW2#¢°¢&æöFR#¢%ã#ã’ãÇÂãÓ#"ã"ã ¢Ð¢ÒÀ¢&æöFUöÖöGVÆW2ô&öÆÆF÷vâö&–æF–ærÖÆ–çW‚×ƒcBÖ×W6Â#¢°¢'fW'6–öâ#¢#ã"ã"À¢'&W6öÇfVB#¢&‡GG3¢ò÷&Vv—7G'’æçÖ§2æ÷&rô&öÆÆF÷vâö&–æF–ærÖÆ–çW‚×ƒcBÖ×W6ÂòÒö&–æF–ærÖÆ–çW‚×ƒcBÖ×W6ÂÓã"ãçFw¢"À¢&–çFVw&—G’#¢'6†S"Ô—3s†“”…V“E77…Wtd£—TÖÖ¤FãS„–%eF¤eu–EW7DdVvWTVÔ„ÔÄtç&•†åd¤¶·ts%–•¦§s†5¤5G”DÖDDwDôösÓÒ"À¢&7R#¢°¢'ƒcB ¢ÒÀ¢&FWb#¢G'VRÀ¢&Æ–6Vç6R#¢$Ô•B"À¢&÷F–öæÂ#¢G'VRÀ¢&÷2#¢°¢&Æ–çW‚ ¢ÒÀ¢&Væv–æW2#¢°¢&æöFR#¢%ã#ã’ãÇÂãÓ#"ã"ã ¢Ð¢ÒÀ¢&æöFUöÖöGVÆW2ô&öÆÆF÷vâö&–æF–ærÖ÷Væ†&Ööç’Ö&ÓcB#¢°¢'fW'6–öâ#¢#ã"ã"À¢'&W6öÇfVB#¢&‡GG3¢ò÷&Vv—7G'’æçÖ§2æ÷&rô&öÆÆF÷vâö&–æF–ærÖ÷Væ†&Ööç’Ö&ÓcBòÒö&–æF–ærÖ÷Væ†&Ööç’Ö&ÓcBÓã"ãçFw¢"À¢&–çFVw&—G’#¢'6†S"ÖET5†æU£ƒt”åT×•B´3‡$T$åUå„†ÕSTuF§”µD¤V—W77s”¶£TÆã…W§ESFWböfgftä$VF·6E–†Õsg„¤ÓÒ"À¢&7R#¢°¢&&ÓcB ¢ÒÀ¢&FWb#¢G'VRÀ¢&Æ–6Vç6R#­¶ßÛh‘éì¶»§q«^u‘…ÉÝ¥¸µàØÐˆè€ˆÄ¸ÌÌ¸Àˆ°(€€€€€€€€‰±¥¡Ñ¹¥¹ÍÌµ™É••‰ÍµàØÐˆè€ˆÄ¸ÌÌ¸Àˆ°(€€€€€€€€‰±¥¡Ñ¹¥¹ÍÌµ±¥¹Õàµ…É´µ¹Õ•…‰¥¡˜ˆè€ˆÄ¸ÌÌ¸Àˆ°(€€€€€€€€‰±¥¡Ñ¹¥¹ÍÌµ±¥¹Õàµ…É´ØÐµ¹Ôˆè€ˆÄ¸ÌÌ¸Àˆ°(€€€€€€€€‰±¥¡Ñ¹¥¹ÍÌµ±¥¹Õàµ…É´ØÐµµÕÍ°ˆè€ˆÄ¸ÌÌ¸Àˆ°(€€€€€€€€‰±¥¡Ñ¹¥¹ÍÌµ±¥¹ÕàµàØÐµ¹Ôˆè€ˆÄ¸ÌÌ¸Àˆ°(€€€€€€€€‰±¥¡Ñ¹¥¹ÍÌµ±¥¹ÕàµàØÐµµÕÍ°ˆè€ˆÄ¸ÌÌ¸Àˆ°(€€€€€€€€‰±¥¡Ñ¹¥¹ÍÌµÝ¥¸ÌÈµ…É´ØÐµµÍÙŒˆè€ˆÄ¸ÌÌ¸Àˆ°(€€€€€€€€‰±¥¡Ñ¹¥¹ÍÌµÝ¥¸ÌÈµàØÐµµÍÙŒˆè€ˆÄ¸ÌÌ¸Àˆ(€€€€€ô(€€€ô°(€€€€‰¹½‘•}µ½‘Õ±•Ì½±¥¡Ñ¹¥¹ÍÌµ…¹‘É½¥µ…É´ØÐˆèì(€€€€€€‰Ù•ÉÍ¥½¸ˆè€ˆÄ¸ÌÌ¸Àˆ°(€€€€€€‰É•Í½±Ù•ˆè€‰¡ÑÑÁÌè¼½É•¥ÍÑÉä¹¹Áµ©Ì¹½Éœ½±¥¡Ñ¹¥¹ÍÌµ…¹‘É½¥µ…É´ØÐ¼´½±¥¡Ñ¹¥¹ÍÌµ…¹‘É½¥µ…É´ØÐ´Ä¸ÌÌ¸À¹Ñèˆ°(€€€€€€‰¥¹Ñ•É¥Ñäˆè€‰Í¡„ÔÄÈµÁIQ…±-‘½ÍÀÑ	ˆáÅ]ÑŒÉ¥=ÕM•%!±ÁLÅÕÀå‰ÄÉÝåe¡°ÅU‘Q=‰e¥!”äáé4åMEÙM½ÅEhÅ%EÁ)9ÁœÍ5°ÕÁœôôˆ°(€€€€€€‰ÁÔˆèl(€€€€€€€€‰…É´ØÐˆ(€€€€€t°(€€€€€€‰‘•ØˆèÑÉÕ”°(€€€€€€‰±¥•¹Í”ˆè€‰5A0´È¸Àˆ°(€€€€€€‰½ÁÑ¥½¹…°ˆèÑÉÕ”°(€€€€€€‰½Ìˆèl(€€€€€€€€‰…¹‘É½¥ˆ(€€€€€t°(€€€€€€‰•¹¥¹•Ìˆèì(€€€€€€€€‰¹½‘”ˆè€ˆøô€ÄÈ¸À¸Àˆ(€€€€€ô°(€€€€€€‰™Õ¹‘¥¹œˆèì(€€€€€€€€‰ÑåÁ”ˆè€‰½Á•¹½±±•Ñ¥Ù”ˆ°(€€€€€€€€‰ÕÉ°ˆè€‰¡ÑÑÁÌè¼½½Á•¹½±±•Ñ¥Ù”¹½´½Á…É•°ˆ(€€€€€ô(€€€ô°(€€€€‰¹½‘•}µ½‘Õ±•Ì½±¥¡Ñ¹¥¹ÍÌµ‘…ÉÝ¥¸µ…É´ØÐˆèì(€€€€€€‰Ù•ÉÍ¥½¸ˆè€ˆÄ¸ÌÌ¸Àˆ°(€€€€€€‰É•Í½±Ù•ˆè€‰¡ÑÑÁÌè¼½É•¥ÍÑÉä¹¹Áµ©Ì¹½Éœ½±¥¡Ñ¹¥¹ÍÌµ‘…ÉÝ¥¸µ…É´ØÐ¼´½±¥¡Ñ¹¥¹ÍÌµ‘…ÉÝ¥¸µ…É´ØÐ´Ä¸ÌÌ¸À¹Ñèˆ°(€€€€€€‰¥¹Ñ•É¥Ñäˆè€‰Í¡„ÔÄÈµM¥…èá••¹9Q-¸åˆÍÐÜ­áÈÁ¥ÁQÀåeá-EdÑ¹ÁÝDÍµÉIÕ0Á	Y!	1åiá½™¡…-	YÑéµÑIh½éQå¼À½Ñ¼ÑÅÕ]½©œôôˆ°(€€€€€€‰ÁÔˆèl(€€€€€€€€‰…É´ØÐˆ(€€€€€t°(€€€€€€‰‘•ØˆèÑÉÕ”°(€€€€€€‰±¥•¹Í”ˆè€‰5A0´È¸Àˆ°(€€€€€€‰½ÁÑ¥½¹…°ˆèÑÉÕ”°(€€€€€€‰½Ìˆèl(€€€€€€€€‰‘…ÉÝ¥¸ˆ(€€€€€t°(€€€€€€‰•¹¥¹•Ìˆèì(€€€€€€€€‰¹½‘”ˆè€ˆøô€ÄÈ¸À¸Àˆ(€€€€€ô°(€€€€€€‰™Õ¹‘¥¹œˆèì(€€€€€€€€‰ÑåÁ”ˆè€‰½Á•¹½±±•Ñ¥Ù”ˆ°(€€€€€€€€‰ÕÉ°ˆè€‰¡ÑÑÁÌè¼½½Á•¹½±±•Ñ¥Ù”¹½´½Á…É•°ˆ(€€€€€ô(€€€ô°(€€€€‰¹½‘•}µ½‘Õ±•Ì½±¥¡Ñ¹¥¹ÍÌµ‘…ÉÝ¥¸µàØÐˆèì(€€€€€€‰Ù•ÉÍ¥½¸ˆè€ˆÄ¸ÌÌ¸Àˆ°(€€€€€€‰É•Í½±Ù•ˆè€‰¡ÑÑÁÌè¼½É•¥ÍÑÉä¹¹Áµ©Ì¹½Éœ½±¥¡Ñ¹¥¹ÍÌµ‘…ÉÝ¥¸µàØÐ¼´½±¥¡Ñ¹¥¹ÍÌµ‘…ÉÝ¥¸µàØÐ´Ä¸ÌÌ¸À¹Ñèˆ°(€€€€€€‰¥¹Ñ•É¥Ñäˆè€‰Í¡„ÔÄÈµhÕUAáéÉ©±]99åäÙ¤ØÕ)ééÙ(ÕÍPÙÝ5ÙÌ­]ÁdåÝÅI¡9ÉáÅÀÙ1¡á%i¡]ÜÄáI™)QIá©Õ1%	È­´áaDôôˆ°(€€€€€€‰ÁÔˆèl(€€€€€€€€‰àØÐˆ(€€€€€t°(€€€€€€‰‘•ØˆèÑÉÕ”°(€€€€€€‰±¥•¹Í”ˆè€‰5A0´È¸Àˆ°(€€€€€€‰½ÁÑ¥½¹…°ˆèÑÉÕ”°(€€€€€€‰½Ìˆèl(€€€€€€€€‰‘…ÉÝ¥¸ˆ(€€€€€t°(€€€€€€‰•¹¥¹•Ìˆèì(€€€€€€€€‰¹½‘”ˆè€ˆøô€ÄÈ¸À¸Àˆ(€€€€€ô°(€€€€€€‰™Õ¹‘¥¹œˆèì(€€€€€€€€‰ÑåÁ”ˆè€‰½Á•¹½±±•Ñ¥Ù”ˆ°(€€€€€€€€‰ÕÉ°ˆè€‰¡ÑÑÁÌè¼½½Á•¹½±±•Ñ¥Ù”¹½´½Á…É•°ˆ(€€€€€ô(€€€ô°(€€€€‰¹½‘•}µ½‘Õ±•Ì½±¥¡Ñ¹¥¹ÍÌµ™É••‰ÍµàØÐˆèì(€€€€€€‰Ù•ÉÍ¥½¸ˆè€ˆÄ¸ÌÌ¸Àˆ°(€€€€€€‰É•Í½±Ù•ˆè€‰¡ÑÑÁÌè¼½É•¥ÍÑÉä¹¹Áµ©Ì¹½Éœ½±¥¡Ñ¹¥¹ÍÌµ™É••‰ÍµàØÐ¼´½±¥¡Ñ¹¥¹ÍÌµ™É••‰ÍµàØÐ´Ä¸ÌÌ¸À¹Ñèˆ°(€€€€€€‰¥¹Ñ•É¥Ñäˆè€‰Í¡„ÔÄÈµEE4½Q¤½¡E…©)Ýd­I¥]ÕhåÍ‘Ñ$½aE¬Ý¹,ÕÙá­­‘Ý¥á•é=±ÙàÜ­IP­E©,ÙPÑ5ÁÍÕ½	¹!%¼½<ÍMÑIIœôôˆ°(€€€€€€‰ÁÔˆèl(€€€€€€€€‰àØÐˆ(€€€€€t°(€€€€€€‰‘•ØˆèÑÉÕ”°(€€€€€€‰±¥•¹Í”ˆè€‰5A0´È¸Àˆ°(€€€€€€‰½ÁÑ¥½¹…°ˆèÑÉÕ”°(€€€€€€‰½Ìˆèl(€€€€€€€€‰™É••‰Íˆ(€€€€€t°(€€€€€€‰•¹¥¹•Ìˆèì(€€€€€€€€‰¹½‘”ˆè€ˆøô€ÄÈ¸À¸Àˆ(€€€€€ô°(€€€€€€‰™Õ¹‘¥¹œˆèì(€€€€€€€€‰ÑåÁ”ˆè€‰½Á•¹½±±•Ñ¥Ù”ˆ°(€€€€€€€€‰ÕÉ°ˆè€‰¡ÑÑÁÌè¼½½Á•¹½±±•Ñ¥Ù”¹½´½Á…É•°ˆ(€€€€€ô(€€€ô°(€€€€‰¹½‘•}µ½‘Õ±•Ì½±¥¡Ñ¹¥¹ÍÌµ±¥¹Õàµ…É´µ¹Õ•…‰¥¡˜ˆèì(€€€€€€‰Ù•ÉÍ¥½¸ˆè€ˆÄ¸ÌÌ¸Àˆ°(€€€€€€‰É•Í½±Ù•ˆè€‰¡ÑÑÁÌè¼½É•¥ÍÑÉä¹¹Áµ©Ì¹½Éœ½±¥¡Ñ¹¥¹ÍÌµ±¥¹Õàµ…É´µ¹Õ•…‰¥¡˜¼´½±¥¡Ñ¹¥¹ÍÌµ±¥¹Õàµ…É´µ¹Õ•…‰¥¡˜´Ä¸ÌÌ¸À¹Ñèˆ°(€€€€€€‰¥¹Ñ•É¥Ñäˆè€‰Í¡„ÔÄÈµ8ÝY	”Ù¥LÈÑ5±4ÙH¼ÑI	Qá¡E¡•iÌÝÑ¥DåTÌÉUÑÜÕ9é@ÕDÝá]AIÅ1	-á±IEI¬ÍÉdÅ©%A1éàÝ]é=¡ÕU%I1Dôôˆ°(€€€€€€‰ÁÔˆèl(€€€€€€€€‰…É´ˆ(€€€€€t°(€€€€€€‰‘•ØˆèÑÉÕ”°(€€€€€€‰±¥•¹Í”ˆè€‰5A0´È¸Àˆ°(€€€€€€‰½ÁÑ¥½¹…°ˆèÑÉÕ”°(€€€€€€‰½Ìˆèl(€€€€€€€€‰±¥¹Õàˆ(€€€€€t°(€€€€€€‰•¹¥¹•Ìˆèì(€€€€€€€€‰¹½‘”ˆè€ˆøô€ÄÈ¸À¸Àˆ(€€€€€ô°(€€€€€€‰™Õ¹‘¥¹œˆèì(€€€€€€€€‰ÑåÁ”ˆè€‰½Á•¹½±±•Ñ¥Ù”ˆ°(€€€€€€€€‰ÕÉ°ˆè€‰¡ÑÑÁÌè¼½½Á•¹½±±•Ñ¥Ù”¹½´½Á…É•°ˆ(€€€€€ô(€€€ô°(€€€€‰¹½‘•}µ½‘Õ±•Ì½±¥¡Ñ¹¥¹ÍÌµ±¥¹Õàµ…É´ØÐµ¹Ôˆèì(€€€€€€‰Ù•ÉÍ¥½¸ˆè€ˆÄ¸ÌÌ¸Àˆ°(€€€€€€‰É•Í½±Ù•ˆè€‰¡ÑÑÁÌè¼½É•¥ÍÑÉä¹¹Áµ©Ì¹½Éœ½±¥¡Ñ¹¥¹ÍÌµ±¥¹Õàµ…É´ØÐµ¹Ô¼´½±¥¡Ñ¹¥¹ÍÌµ±¥¹Õàµ…É´ØÐµ¹Ô´Ä¸ÌÌ¸À¹Ñèˆ°(€€€€€€‰¥¹Ñ•É¥Ñäˆè€‰Í¡„ÔÄÈµ¨ÉØ½¥ÑµäÑ!±9á±ŒÙÙ½-ae	Å9¤Á9œÉ1M¡œÑèÝÕ™ÁÌÀÕ@¬ÉÍÕ	Yå¤å$Ùe!ÄÕÕ½YàåQ¥¸Í•¡1YåaE¹-œôôˆ°(€€€€€€‰ÁÔˆèl(€€€€€€€€‰…É´ØÐˆ(€€€€€t°(€€€€€€‰‘•ØˆèÑÉÕ”°(€€€€€€‰±¥•¹Í”ˆè€‰5A0´È¸Àˆ°(€€€€€€‰½ÁÑ¥½¹…°ˆèÑÉÕ”°(€€€€€€‰½Ìˆèl(€€€€€€€€‰±¥¹Õàˆ(€€€€€t°(€€€€€€‰•¹¥¹•Ìˆèì(€€€€€€€€‰¹½‘”ˆè€ˆøô€ÄÈ¸À¸Àˆ(€€€€€ô°(€€€€€€‰™Õ¹‘¥¹œˆèì(€€€€€€€€‰ÑåÁ”ˆè€‰½Á•¹½±±•Ñ¥Ù”ˆ°(€€€€€€€€‰ÕÉ°ˆè€‰¡ÑÑÁÌè¼½½Á•¹½±±•Ñ¥Ù”¹½´½Á…É•°ˆ(€€€€€ô(€€€ô°(€€€€‰¹½‘•}µ½‘Õ±•Ì½±¥¡Ñ¹¥¹ÍÌµ±¥¹Õàµ…É´ØÐµµÕÍ°ˆèì(€€€€€€‰Ù•ÉÍ¥½¸ˆè€ˆÄ¸ÌÌ¸Àˆ°(€€€€€€‰É•Í½±Ù•ˆè€‰¡ÑÑÁÌè¼½É•¥ÍÑÉä¹¹Áµ©Ì¹½Éœ½±¥¡Ñ¹¥¹ÍÌµ±¥¹Õàµ…É´ØÐµµÕÍ°¼´½±¥¡Ñ¹¥¹ÍÌµ±¥¹Õàµ…É´ØÐµµÕÍ°´Ä¸ÌÌ¸À¹Ñèˆ°(€€€€€€‰¥¹Ñ•É¥Ñäˆè€‰Í¡„ÔÄÈµå¥<ÕI=5ÕeEa‰ØÁå©iTÕeMi-a0Á!QaÐåµ!)¸Ä­é\ÔÕ½Ñ5$å9™Y¡e150ÝXÝ½	A½¸½µ55œÉ=ÙÑDôôˆ°(€€€€€€‰ÁÔˆèl(€€€€€€€€‰…É´ØÐˆ(€€€€€t°(€€€€€€‰‘•ØˆèÑÉÕ”°(€€€€€€‰±¥•¹Í”ˆè€‰5A0´È¸Àˆ°(€€€€€€‰½ÁÑ¥½¹…°ˆèÑÉÕ”°(€€€€€€‰½Ìˆèl(€€€€€€€€‰±¥¹Õàˆ(€€€€€t°(€€€€€€‰•¹¥¹•Ìˆèì(€€€€€€€€‰¹½‘”ˆè€ˆøô€ÄÈ¸À¸Àˆ(€€€€€ô°(€€€€€€‰™Õ¹‘¥¹œˆèì(€€€€€€€€‰ÑåÁ”ˆè€‰½Á•¹½±±•Ñ¥Ù”ˆ°(€€€€€€€€‰ÕÉ°ˆè€‰¡ÑÑÁÌè¼½½Á•¹½±±•Ñ¥Ù”¹½´½Á…É•°ˆ(€€€€€ô(€€€ô°(€€€€‰¹½‘•}µ½‘Õ±•Ì½±¥¡Ñ¹¥¹ÍÌµ±¥¹ÕàµàØÐµ¹Ôˆèì(€€€€€€‰Ù•ÉÍ¥½¸ˆè€ˆÄ¸ÌÌ¸Àˆ°(€€€€€€‰É•Í½±Ù•ˆè€‰¡ÑÑÁÌè¼½É•¥ÍÑÉä¹¹Áµ©Ì¹½Éœ½±¥¡Ñ¹¥¹ÍÌµ±¥¹ÕàµàØÐµ¹Ô¼´½±¥¡Ñ¹¥¹ÍÌµ±¥¹ÕàµàØÐµ¹Ô´Ä¸ÌÌ¸À¹Ñèˆ°(€€€€€€‰¥¹Ñ•É¥Ñäˆè€‰Í¡„ÔÄÈµ…È­)ÔÝ1µ8Á)¼ÑÁ0Ñ¡Áå‰Ý9ä¼Í½	ÈÕ-\É¸É©å=œÍ5ia…e‘•µ½9L­	9™5-Ùå±)1¨ÑLÕÑåIÑÕœôôˆ°(€€€€€€‰ÁÔˆèl(€€€€€€€€‰àØÐˆ(€€€€€t°(€€€€€€‰‘•ØˆèÑÉÕ”°(€€€€€€‰±¥•¹Í”ˆè€‰5A0´È¸Àˆ°(€€€€€€‰½ÁÑ¥½¹…°ˆèÑÉÕ”°(€€€€€€‰½Ìˆèl(€€€€€€€€‰±¥¹Õàˆ(€€€€€t°(€€€€€€‰•¹¥¹•Ìˆèì(€€€€€€€€‰¹½‘”ˆè€ˆøô€ÄÈ¸À¸Àˆ(€€€€€ô°(€€€€€€‰™Õ¹‘¥¹œˆèì(€€€€€€€€‰ÑåÁ”ˆè€‰½Á•¹½±±•Ñ¥Ù”ˆ°(€€€€€€€€‰ÕÉ°ˆè€‰¡ÑÑÁÌè¼½½Á•¹½±±•Ñ¥Ù”¹½´½Á…É•°ˆ(€€€€€ô(€€€ô°(€€€€‰¹½‘•}µ½‘Õ±•Ì½±¥¡Ñ¹¥¹ÍÌµ±¥¹ÕàµàØÐµµÕÍ°ˆèì(€€€€€€‰Ù•ÉÍ¥½¸ˆè€ˆÄ¸ÌÌ¸Àˆ°(€€€€€€‰É•Í½±Ù•ˆè€‰¡ÑÑÁÌè¼½É•¥ÍÑÉä¹¹Áµ©Ì¹½Éœ½±¥¡Ñ¹¥¹ÍÌµ±¥¹ÕàµàØÐµµÕÍ°¼´½±¥¡Ñ¹¥¹ÍÌµ±¥¹ÕàµàØÐµµÕÍ°´Ä¸ÌÌ¸À¹Ñèˆ°(€€€€€€‰¥¹Ñ•É¥Ñäˆè€‰Í¡„ÔÄÈµIe¥e‰­½­ÜÁÑÉ™-ÅÅé™ÔÕ±¥¹ÝAÉÍ=)™QÕ)éÌÅ5,Ù¥¹•¹…èÅ™Å11Ñ`Ñ%QÍ=­Ñ)Ea=•Q…ÜÅ…ÝÉ	±iAÜôôˆ°(€€€€€€‰ÁÔˆèl(€€€€€€€€‰àØÐˆ(€€€€€t°(€€€€€€‰‘•ØˆèÑÉÕ”°(€€€€€€‰±¥•¹Í”ˆè€‰5A0´È¸Àˆ°(€€€€€€‰½ÁÑ¥½¹…°ˆèÑÉÕ”°(€€€€€€‰½Ìˆèl(€€€€€€€€‰±¥¹Õàˆ(€€€€€t°(€€€€€€‰•¹¥¹•Ìˆèì(€€€€€€€€‰¹½‘”ˆè€ˆøô€ÄÈ¸À¸Àˆ(€€€€€ô°(€€€€€€‰™Õ¹‘¥¹œˆèì(€€€€€€€€‰ÑåÁ”ˆè€‰½Á•¹½±±•Ñ¥Ù”ˆ°(€€€€€€€€‰ÕÉ°ˆè€‰¡ÑÑÁÌè¼½½Á•¹½±±•Ñ¥Ù”¹½´½Á…É•°ˆ(€€€€€ô(€€€ô°(€€€€‰¹½‘•}µ½‘Õ±•Ì½±¥¡Ñ¹¥¹ÍÌµÝ¥¸ÌÈµ…É´ØÐµµÍÙŒˆèì(€€€€€€‰Ù•ÉÍ¥½¸ˆè€ˆÄ¸ÌÌ¸Àˆ°(€€€€€€‰É•Í½±Ù•ˆè€‰¡ÑÑÁÌè¼½É•¥ÍÑÉä¹¹Áµ©Ì¹½Éœ½±¥¡Ñ¹¥¹ÍÌµÝ¥¸ÌÈµ…É´ØÐµµÍÙŒ¼´½±¥¡Ñ¹¥¹ÍÌµÝ¥¸ÌÈµ…É´ØÐµµÍÙŒ´Ä¸ÌÌ¸À¹Ñèˆ°(€€€€€€‰¥¹Ñ•É¥Ñäˆè€‰Í¡„ÔÄÈ´Å,­5A™1MYÁÁ¡éÁ‘‰™­¡±]¬ÙÝ	ÉQ=‰	éLÉPÙ‘ˆÄÁA9=iHå½YÍ]éÝ9åÕ¡Uee‰QÀÈÍ¨¬ÑIÉ¹™Õ©hÑÕéaÙÝôôˆ°(€€€€€€‰ÁÔˆèl(€€€€€€€€‰…É´ØÐˆ(€€€€€t°(€€€€€€‰‘•ØˆèÑÉÕ”°(€€€€€€‰±¥•¹Í”ˆè€‰5A0´È¸Àˆ°(€€€€€€‰½ÁÑ¥½¹…°ˆèÑÉÕ”°(€€€€€€‰½Ìˆèl(€€€€€€€€‰Ý¥¸ÌÈˆ(€€€€€t°(€€€€€€‰•¹¥¹•Ìˆèì(€€€€€€€€‰¹½‘”ˆè€ˆøô€ÄÈ¸À¸Àˆ(€€€€€ô°(€€€€€€‰™Õ¹‘¥¹œˆèì(€€€€€€€€‰ÑåÁ”ˆè€‰½Á•¹½±±•Ñ¥Ù”ˆ°(€€€€€€€€‰ÕÉ°ˆè€‰¡ÑÑÁÌè¼½½Á•¹½±±•Ñ¥Ù”¹½´½Á…É•°ˆ(€€€€€ô(€€€ô°(€€€€‰¹½‘•}µ½‘Õ±•Ì½±¥¡Ñ¹¥¹ÍÌµÝ¥¸ÌÈµàØÐµµÍÙŒˆèì(€€€€€€‰Ù•ÉÍ¥½¸ˆè€ˆÄ¸ÌÌ¸Àˆ°(€€€€€€‰É•Í½±Ù•ˆè€‰¡ÑÑÁÌè¼½É•¥ÍÑÉä¹¹Áµ©Ì¹½Éœ½±¥¡Ñ¹¥¹ÍÌµÝ¥¸ÌÈµàØÐµµÍÙŒ¼´½±¥¡Ñ¹¥¹ÍÌµÝ¥¸ÌÈµàØÐµµÍÙŒ´Ä¸ÌÌ¸À¹Ñèˆ°(€€€€€€‰¥¹Ñ•É¥Ñäˆè€‰Í¡„ÔÄÈµ=±%à½a°ÁÅMÀÑ‰Éäáé¹ÙÁ¥œÍ°ÑÅÕÙeÝ!ÕÅ)-Ä­¸å9¹¥ÙÅ!µ5ØÅi­Å)ÉÅ--Må­Q`­•¡Õôôˆ°(€€€€€€‰ÁÔˆèl(€€€€€€€€‰àØÐˆ(€€€€€t°(€€€€€€‰‘•ØˆèÑÉÕ”°(€€€€€€‰±¥•¹Í”ˆè€‰5A0´È¸Àˆ°(€€€€€€‰½ÁÑ¥½¹…°ˆèÑÉÕ”°(€€€€€€‰½Ìˆèl(€€€€€€€€‰Ý¥¸ÌÈˆ(€€€€€t°(€€€€€€‰•¹¥¹•Ìˆèì(€€€€€€€€‰¹½‘”ˆè€ˆøô€ÄÈ¸À¸Àˆ(€€€€€ô°(€€€€€€‰™Õ¹‘¥¹œˆèì(€€€€€€€€‰ÑåÁ”ˆè€‰½Á•¹½±±•Ñ¥Ù”ˆ°(€€€€€€€€‰ÕÉ°ˆè€‰¡ÑÑÁÌè¼½½Á•¹½±±•Ñ¥Ù”¹½´½Á…É•°ˆ(€€€€€ô(€€€ô°(€€€€‰¹½‘•}µ½‘Õ±•Ì½µ½Ñ¥½¸µ‘½´ˆèì(€€€€€€‰Ù•ÉÍ¥½¸ˆè€ˆÄÌ¸Ð¸Ðˆ°(€€€€€€‰É•Í½±Ù•ˆè€‰¡ÑÑÁÌè¼½É•¥ÍÑÉä¹¹Áµ©Ì¹½Éœ½µ½Ñ¥½¸µ‘½´¼´½µ½Ñ¥½¸µ‘½´´ÄÌ¸Ð¸Ð¹Ñèˆ°(€€€€€€‰¥¹Ñ•É¥Ñäˆè€‰Í¡„ÔÄÈµèÉÅ8ÍIU	M¤ÑÝÈÕ…!Q¡ÅA9])Í55™I±éáÅÑ9EÍM%‰Y)µ!Ù5XÈàá´ÕàÝ‘½E	Qe‰IQ]‰-‘éÑµÅÕ¸ÑMÜôôˆ°(€€€€€€‰±¥•¹Í”ˆè€‰5%Pˆ°(€€€€€€‰‘•Á•¹‘•¹¥•Ìˆèì(€€€€€€€€‰µ½Ñ¥½¸µÕÑ¥±Ìˆè€‰xÄÌ¸Ì¸Àˆ(€€€€€ô(€€€ô°(€€€€‰¹½‘•}µ½‘Õ±•Ì½µ½Ñ¥½¸µÕÑ¥±Ìˆèì(€€€€€€‰Ù•ÉÍ¥½¸ˆè€ˆÄÌ¸Ì¸Àˆ°(€€€€€€‰É•Í½±Ù•ˆè€‰¡ÑÑÁÌè¼½É•¥ÍÑÉä¹¹Áµ©Ì¹½Éœ½µ½Ñ¥½¸µÕÑ¥±Ì¼´½µ½Ñ¥½¸µÕÑ¥±Ì´ÄÌ¸Ì¸À¹Ñèˆ°(€€€€€€‰¥¹Ñ•É¥Ñäˆè€‰Í¡„ÔÄÈµÍMÍ¡EÀÝÍ•!%¹%±HÝ¡	‰5ÕÙ•ÐÍIÁ‰ÌÈá-Aia)-‘á!Ù Å½Áe¥±dÍ‰=5Ñ°ÜÍÅA9µÀÜÕÍ-!eATÕÍœôôˆ°(€€€€€€‰±¥•¹Í”ˆè€‰5%Pˆ(€€€ô°(€€€€‰¹½‘•}µ½‘Õ±•Ì½¹…¹½¥ˆèì(€€€€€€‰Ù•ÉÍ¥½¸ˆè€ˆÌ¸Ì¸Ääˆ°(€€€€€€‰É•Í½±Ù•ˆè€‰¡ÑÑÁÌè¼½É•¥ÍÑÉä¹¹Áµ©Ì¹½Éœ½¹…¹½¥¼´½¹…¹½¥´Ì¸Ì¸Ää¹Ñèˆ°(€€€€€€‰¥¹Ñ•É¥Ñäˆè€‰Í¡„ÔÄÈµdÉÑU9äÑ½ÕÜÙÑÄÕ½M-•Ee=å¡­U	¡9=X¼ÀÉ-¬Ù­å•Å‘i¬­µ©5¥%¥±É	eÙ©¹eÙYÑÍÕ!Õ@­½­M™Õœôôˆ°(€€€€€€‰‘•ØˆèÑÉÕ”°(€€€€€€‰™Õ¹‘¥¹œˆèl(€€€€€€€ì(€€€€€€€€€€‰ÑåÁ”ˆè€‰¥Ñ¡Õˆˆ°(€€€€€€€€€€‰ÕÉ°ˆè€‰¡ÑÑÁÌè¼½¥Ñ¡Õˆ¹½´½ÍÁ½¹Í½ÉÌ½…¤ˆ(€€€€€€€ô(€€€€€t°(€€€€€€‰±¥•¹Í”ˆè€‰5%Pˆ°(€€€€€€‰‰¥¸ˆèì(€€€€€€€€‰¹…¹½¥ˆè€‰‰¥¸½¹…¹½¥¹©Ìˆ(€€€€€ô°(€€€€€€‰•¹¥¹•Ìˆèì(€€€€€€€€‰¹½‘”ˆè€‰xÄÀñðxÄÈñðxÄÌ¸ÜñðxÄÐñð€øôÄÔ¸À¸Äˆ(€€€€€ô(€€€ô°(€€€€‰¹½‘•}µ½‘Õ±•Ì½½á±¥¹Ðˆèì(€€€€€€‰Ù•ÉÍ¥½¸ˆè€ˆÄ¸àÔ¸Àˆ°(€€€€€€‰É•Í½±Ù•ˆè€‰¡ÑÑÁÌè¼½É•¥ÍÑÉä¹¹Áµ©Ì¹½Éœ½½á±¥¹Ð¼´½½á±¥¹Ð´Ä¸àÔ¸À¹Ñèˆ°(€€€€€€‰¥¹Ñ•É¥Ñäˆè€‰Í¡„ÔÄÈµ‰ŒÈÙÌäÝ¹ÕÙA¨ÅY¥åAÍÅµ-•Y­U]5‘Ñ…å<á5…DÙ½¥1™ÌÅÁ¨äÑE±ii¡É Ñ	A9±Èå!E½Í©¡%±Ýi-Í™Ýµ9œôôˆ°(€€€€€€‰‘•ØˆèÑÉÕ”°(€€€€€€‰±¥•¹Í”ˆè€‰5%Pˆ°(€€€€€€‰‰¥¸ˆèì(€€€€€€€€‰½á±¥¹Ðˆè€‰‰¥¸½½á±¥¹Ðˆ(€€€€€ô°(€€€€€€‰•¹¥¹•Ìˆèì(€€€€€€€€‰¹½‘”ˆè€‰xÈÀ¸Ää¸Àñð€øôÈÈ¸ÄÈ¸Àˆ(€€€€€ô°(€€€€€€‰™Õ¹‘¥¹œˆèì(€€€€€€€€‰ÕÉ°ˆè€‰¡ÑÑÁÌè¼½¥Ñ¡Õˆ¹½´½ÍÁ½¹Í½ÉÌ½½áŒµÁÉ½©•Ðˆ(€€€€€ô°(€€€€€€‰½ÁÑ¥½¹…±•Á•¹‘•¹¥•Ìˆèì(€€€€€€€€‰½á±¥¹Ð½‰¥¹‘¥¹œµ…¹‘É½¥µ…É´µ•…‰¤ˆè€ˆÄ¸àÔ¸Àˆ°(€€€€€€€€‰½á±¥¹Ð½‰¥¹‘¥¹œµ…¹‘É½¥µ…É´ØÐˆè€ˆÄ¸àÔ¸Àˆ°(€€€€€€€€‰½á±¥¹Ð½‰¥¹‘¥¹œµ‘…ÉÝ¥¸µ…É´ØÐˆè€ˆÄ¸àÔ¸Àˆ°(€€€€€€€€‰½á±¥¹Ð½‰¥¹‘¥¹œµ‘…ÉÝ¥¸µàØÐˆè€ˆÄ¸àÔ¸Àˆ°(€€€€€€€€‰½á±¥¹Ð½‰¥¹‘¥¹œµ™É••‰ÍµàØÐˆè€ˆÄ¸àÔ¸Àˆ°(€€€€€€€€‰½á±¥¹Ð½‰¥¹‘¥¹œµ±¥¹Õàµ…É´µ¹Õ•…‰¥¡˜ˆè€ˆÄ¸àÔ¸Àˆ°(€€€€€€€€‰½á±¥¹Ð½‰¥¹‘¥¹œµ±¥¹Õàµ…É´µµÕÍ±•…‰¥¡˜ˆè€ˆÄ¸àÔ¸Àˆ°(€€€€€€€€‰½á±¥¹Ð½‰¥¹‘¥¹œµ±¥¹Õàµ…É´ØÐµ¹Ôˆè€ˆÄ¸àÔ¸Àˆ°(€€€€€€€€‰½á±¥¹Ð½‰¥¹‘¥¹œµ±¥¹Õàµ…É´ØÐµµÕÍ°ˆè€ˆÄ¸àÔ¸Àˆ°(€€€€€€€€‰½á±¥¹Ð½‰¥¹‘¥¹œµ±¥¹ÕàµÁÁŒØÐµ¹Ôˆè€ˆÄ¸àÔ¸Àˆ°(€€€€€€€€‰½á±¥¹Ð½‰¥¹‘¥¹œµ±¥¹ÕàµÉ¥ÍØØÐµ¹Ôˆè€ˆÄ¸àÔ¸Àˆ°(€€€€€€€€‰½á±¥¹Ð½‰¥¹‘¥¹œµ±¥¹ÕàµÉ¥ÍØØÐµµÕÍ°ˆè€ˆÄ¸àÔ¸Àˆ°(€€€€€€€€‰½á±¥¹Ð½‰¥¹‘¥¹œµ±¥¹ÕàµÌÌäÁàµ¹Ôˆè€ˆÄ¸àÔ¸Àˆ°(€€€€€€€€‰½á±¥¹Ð½‰¥¹‘¥¹œµ±¥¹ÕàµàØÐµ¹Ôˆè€ˆÄ¸àÔ¸Àˆ°(€€€€€€€€‰½á±¥¹Ð½‰¥¹‘¥¹œµ±¥¹ÕàµàØÐµµÕÍ°ˆè€ˆÄ¸àÔ¸Àˆ°(€€€€€€€€‰½á±¥¹Ð½‰¥¹‘¥¹œµ½Á•¹¡…Éµ½¹äµ…É´ØÐˆè€ˆÄ¸àÔ¸Àˆ°(€€€€€€€€‰½á±¥¹Ð½‰¥¹‘¥¹œµÝ¥¸ÌÈµ…É´ØÐµµÍÙŒˆè€ˆÄ¸àÔ¸Àˆ°(€€€€€€€€‰½á±¥¹Ð½‰¥¹‘¥¹œµÝ¥¸ÌÈµ¥„ÌÈµµÍÙŒˆè€ˆÄ¸àÔ¸Àˆ°(€€€€€€€€‰½á±¥¹Ð½‰¥¹‘¥¹œµÝ¥¸ÌÈµàØÐµµÍÙŒˆè€ˆÄ¸àÔ¸Àˆ(€€€€€ô°(€€€€€€‰Á••É•Á•¹‘•¹¥•Ìˆèì(€€€€€€€€‰½á±¥¹ÐµÑÍ½±¥¹Ðˆè€ˆøôÜ¸À¸ÈÀÀÄˆ°(€€€€€€€€‰Ù¥Ñ”µÁ±ÕÌˆè€ˆ¨ˆ(€€€€€ô°(€€€€€€‰Á••É•Á•¹‘•¹¥•Í5•Ñ„ˆèì(€€€€€€€€‰½á±¥¹ÐµÑÍ½±¥¹Ðˆèì(€€€€€€€€€€‰½ÁÑ¥½¹…°ˆèÑÉÕ”(€€€€€€€ô°(€€€€€€€€‰Ù¥Ñ”µÁ±ÕÌˆèì(€€€€€€€€€€‰½ÁÑ¥½¹…°ˆèÑÉÕ”(€€€€€€€ô(€€€€€ô(€€€ô°(€€€€‰¹½‘•}µ½‘Õ±•Ì½Á¥½½±½ÉÌˆèì(€€€€€€‰Ù•ÉÍ¥½¸ˆè€ˆÄ¸Ä¸Äˆ°(€€€€€€‰É•Í½±Ù•ˆè€‰¡ÑÑÁÌè¼½É•¥ÍÑÉä¹¹Áµ©Ì¹½Éœ½Á¥½½±½ÉÌ¼´½Á¥½½±½ÉÌ´Ä¸Ä¸Ä¹Ñèˆ°(€€€€€€‰¥¹Ñ•É¥Ñäˆè€‰Í¡„ÔÄÈµá• ÉÍ¹¡ÑˆÕ4å±¥ÅÍµÜÔÙ±”ÌÜÙµQi­`½©ˆ½Iá9å•9Õ°Ý•9Í±a@å¨½1ÔÁ`á-å5•@É¹ÑÁ…!ÉYôôˆ°(€€€€€€‰‘•ØˆèÑÉÕ”°(€€€€€€‰±¥•¹Í”ˆè€‰%Mˆ(€€€ô°(€€€€‰¹½‘•}µ½‘Õ±•Ì½Á¥½µ…Ñ ˆèì(€€€€€€‰Ù•ÉÍ¥½¸ˆè€ˆÐ¸À¸Üˆ°(€€€€€€‰É•Í½±Ù•ˆè€‰¡ÑÑÁÌè¼½É•¥ÍÑÉä¹¹Áµ©Ì¹½Éœ½Á¥½µ…Ñ ¼´½Á¥½µ…Ñ ´Ð¸À¸Ü¹Ñèˆ°(€€€€€€‰¥¹Ñ•É¥Ñäˆè€‰Í¡„ÔÄÈµÅ)ÔàáDÉ%]Å)ÍÔÈå)-5‘Ý´½‘Ù%¹\Ñ!ÙE¹IÝ¥ å)Ñ¥¡)Ùé=ÍÑ!ÍàÅÁ	-•U=QåÍDá­Yµ1¹(É­)ÔÝå¡ôôˆ°(€€€€€€‰‘•ØˆèÑÉÕ”°(€€€€€€‰±¥•¹Í”ˆè€‰5%Pˆ°(€€€€€€‰•¹¥¹•Ìˆèì(€€€€€€€€‰¹½‘”ˆè€ˆøôÄÈˆ(€€€€€ô°(€€€€€€‰™Õ¹‘¥¹œˆèì(€€€€€€€€‰ÕÉ°ˆè€‰¡ÑÑÁÌè¼½¥Ñ¡Õˆ¹½´½ÍÁ½¹Í½ÉÌ½©½¹Í¡±¥¹­•ÉÐˆ(€€€€€ô(€€€ô°(€€€€‰¹½‘•}µ½‘Õ±•Ì½Á½ÍÑÍÌˆèì(€€€€€€‰Ù•ÉÍ¥½¸ˆè€ˆà¸Ô¸Èàˆ°(€€€€€€‰É•Í½±Ù•ˆè€‰¡ÑÑÁÌè¼½É•¥ÍÑÉä¹¹Áµ©Ì¹½Éœ½Á½ÍÑÍÌ¼´½Á½ÍÑÍÌ´à¸Ô¸Èà¹Ñèˆ°(€€€€€€‰¥¹Ñ•É¥Ñäˆè€‰Í¡„ÔÄÈµIIÕéÅÑÐÕdå ÍÅÕèÕ¡]¡,­QA¹ÍµYÌÙ]ÝMTÙ1­)5•dÑ!ÍÑUÕeQáU)M‘…Ý5IéµéÑX­-½á8ÍEœÉÅ1äÕÙ4½ôôˆ°(€€€€€€‰‘•ØˆèÑÉÕ”°(€€€€€€‰™Õ¹‘¥¹œˆèl(€€€€€€€ì(€€€€€€€€€€‰ÑåÁ”ˆè€‰½Á•¹½±±•Ñ¥Ù”ˆ°(€€€€€€€€€€‰ÕÉ°ˆè€‰¡ÑÑÁÌè¼½½Á•¹½±±•Ñ¥Ù”¹½´½Á½ÍÑÍÌ¼ˆ(€€€€€€€ô°(€€€€€€€ì(€€€€€€€€€€‰ÑåÁ”ˆè€‰Ñ¥‘•±¥™Ðˆ°(€€€€€€€€€€‰ÕÉ°ˆè€‰¡ÑÑÁÌè¼½Ñ¥‘•±¥™Ð¹½´½™Õ¹‘¥¹œ½¥Ñ¡Õˆ½¹Á´½Á½ÍÑÍÌˆ(€€€€€€€ô°(€€€€€€€ì(€€€€€€€€€€‰ÑåÁ”ˆè€‰¥Ñ¡Õˆˆ°(€€€€€€€€€€‰ÕÉ°ˆè€‰¡ÑÑÁÌè¼½¥Ñ¡Õˆ¹½´½ÍÁ½¹Í½ÉÌ½…¤ˆ(€€€€€€€ô(€€€€€t°(€€€€€€‰±¥•¹Í”ˆè€‰5%Pˆ°(€€€€€€‰‘•Á•¹‘•¹¥•Ìˆèì(€€€€€€€€‰¹…¹½¥ˆè€‰xÌ¸Ì¸Äàˆ°(€€€€€€€€‰Á¥½½±½ÉÌˆè€‰xÄ¸Ä¸Äˆ°(€€€€€€€€‰Í½ÕÉ”µµ…Àµ©Ìˆè€‰xÄ¸È¸Äˆ(€€€€€ô°(€€€€€€‰•¹¥¹•Ìˆèì(€€€€€€€€‰¹½‘”ˆè€‰xÄÀñðxÄÈñð€øôÄÐˆ(€€€€€ô(€€€ô°(€€€€‰¹½‘•}µ½‘Õ±•Ì½É•…Ðˆèì(€€€€€€‰Ù•ÉÍ¥½¸ˆè€ˆÄä¸Ì¸Àˆ°(€€€€€€‰É•Í½±Ù•ˆè€‰¡ÑÑÁÌè¼½É•¥ÍÑÉä¹¹Áµ©Ì¹½Éœ½É•…Ð¼´½É•…Ð´Ää¸Ì¸À¹Ñèˆ°(€€€€€€‰¥¹Ñ•É¥Ñäˆè€‰Í¡„ÔÄÈµá1U‰Ñ	]ÐÈÁ‰‰°Ée½!™àÑi	‘áYQ™=-Ñi¸åM(Ñ°Ø½¹Õ½ÁÁ%	¨ÐÝÐÉÝi½Y`áœÉi!Õ5!‰¥M¡HÅPÕM½œôôˆ°(€€€€€€‰±¥•¹Í”ˆè€‰5%Pˆ°(€€€€€€‰•¹¥¹•Ìˆèì(€€€€€€€€‰¹½‘”ˆè€ˆøôÀ¸ÄÀ¸Àˆ(€€€€€ô(€€€ô°(€€€€‰¹½‘•}µ½‘Õ±•Ì½É•…Ðµ‘½´ˆèì(€€€€€€‰Ù•ÉÍ¥½¸ˆè€ˆÄä¸Ì¸Àˆ°(€€€€€€‰É•Í½±Ù•ˆè€‰¡ÑÑÁÌè¼½É•¥ÍÑÉä¹¹Áµ©Ì¹½Éœ½É•…Ðµ‘½´¼´½É•…Ðµ‘½´´Ää¸Ì¸À¹Ñèˆ°(€€€€€€‰¥¹Ñ•É¥Ñäˆè€‰Í¡„ÔÄÈµ)¬á‘¥˜ÔÅ=©½ÜÀ­=På%åeÈ¬Øå!±µ¥¡9ÝÀÄ­9Í™‰¹„ÍÐÕÍ%¥„åi)­ÑµDÐ¼Åˆ½É¸ÈÙ¡%HÉÕea5ÈÕÈÁDôôˆ°(€€€€€€‰±¥•¹Í”ˆè€‰5%Pˆ°(€€€€€€‰‘•Á•¹‘•¹¥•Ìˆèì(€€€€€€€€‰Í¡•‘Õ±•Èˆè€‰xÀ¸Èà¸Àˆ(€€€€€ô°(€€€€€€‰Á••É•Á•¹‘•¹¥•Ìˆèì(€€€€€€€€‰É•…Ðˆè€‰xÄä¸Ì¸Àˆ(€€€€€ô(€€€ô°(€€€€‰¹½‘•}µ½‘Õ±•Ì½É•…Ðµ¥½¹Ìˆèì(€€€€€€‰Ù•ÉÍ¥½¸ˆè€ˆÔ¸Ü¸Àˆ°(€€€€€€‰É•Í½±Ù•ˆè€‰¡ÑÑÁÌè¼½É•¥ÍÑÉä¹¹Áµ©Ì¹½Éœ½É•…Ðµ¥½¹Ì¼´½É•…Ðµ¥½¹Ì´Ô¸Ü¸À¹Ñèˆ°(€€€€€€‰¥¹Ñ•É¥Ñäˆè€‰Í¡„ÔÄÈµ1	1äÌÐÁIéÅäØ¬½åY¡i-PÍ½EÁ@Å	i…•ÍÅ…Í˜Àå!A=	éI…É% Á]Ýa±aE™ÝÄÝ¥Áá,Ñ5M¥Õ%	]UI¹äÙ™Üôôˆ°(€€€€€€‰±¥•¹Í”ˆè€‰5%Pˆ°(€€€€€€‰Á••É•Á•¹‘•¹¥•Ìˆèì(€€€€€€€€‰É•…Ðˆè€ˆ¨ˆ(€€€€€ô(€€€ô°(€€€€‰¹½‘•}µ½‘Õ±•Ì½É½±±‘½Ý¸ˆèì(€€€€€€‰Ù•ÉÍ¥½¸ˆè€ˆÄ¸È¸ÄÄˆ°(€€€€€€‰É•Í½±Ù•ˆè€‰¡ÑÑÁÌè¼½É•¥ÍÑÉä¹¹Áµ©Ì¹½Éœ½É½±±‘½Ý¸¼´½É½±±‘½Ý¸´Ä¸È¸ÄÄ¹Ñèˆ°(€€€€€€‰¥¹Ñ•É¥Ñäˆè€‰Í¡„ÔÄÈµÅÁMÝ%åèÁ©!EÄÕÅa	Q9áµØØØÑÉ(Ý<¬ÑQÙA=¥=…	MÉèá%=!ŒÅ­½--MÅQ4É ÙÔÅUÄ­QÙ•ÕÙÙ…!-a=ÙˆÅ-Üôôˆ°(€€€€€€‰‘•ØˆèÑÉÕ”°(€€€€€€‰±¥•¹Í”ˆè€‰5%Pˆ°(€€€€€€‰‘•Á•¹‘•¹¥•Ìˆèì(€€€€€€€€‰½áŒµÁÉ½©•Ð½ÑåÁ•Ìˆè€ˆôÀ¸ÄÔÄ¸Àˆ°(€€€€€€€€‰É½±±‘½Ý¸½Á±Õ¥¹ÕÑ¥±Ìˆè€‰xÄ¸À¸Àˆ(€€€€€ô°(€€€€€€‰‰¥¸ˆèì(€€€€€€€€‰É½±±‘½Ý¸ˆè€‰‰¥¸½±¤¹µ©Ìˆ(€€€€€ô°(€€€€€€‰•¹¥¹•Ìˆèì(€€€€€€€€‰¹½‘”ˆè€‰xÈÀ¸Ää¸Àñð€øôÈÈ¸ÄÈ¸Àˆ(€€€€€ô°(€€€€€€‰½ÁÑ¥½¹…±•Á•¹‘•¹¥•Ìˆèì(€€€€€€€€‰É½±±‘½Ý¸½‰¥¹‘¥¹œµ…¹‘É½¥µ…É´µ•…‰¤ˆè€ˆÄ¸È¸ÄÄˆ°(€€€€€€€€‰É½±±‘½Ý¸½‰¥¹‘¥¹œµ…¹‘É½¥µ…É´ØÐˆè€ˆÄ¸È¸ÄÄˆ°(€€€€€€€€‰É½±±‘½Ý¸½‰¥¹‘¥¹œµ‘…ÉÝ¥¸µ…É´ØÐˆè€ˆÄ¸È¸ÄÄˆ°(€€€€€€€€‰É½±±‘½Ý¸½‰¥¹‘¥¹œµ‘…ÉÝ¥¸µàØÐˆè€ˆÄ¸È¸ÄÄˆ°(€€€€€€€€‰É½±±‘½Ý¸½‰¥¹‘¥¹œµ™É••‰ÍµàØÐˆè€ˆÄ¸È¸ÄÄˆ°(€€€€€€€€‰É½±±‘½Ý¸½‰¥¹‘¥¹œµ±¥¹Õàµ…É´µ¹Õ•…‰¥¡˜ˆè€ˆÄ¸È¸ÄÄˆ°(€€€€€€€€‰É½±±‘½Ý¸½‰¥¹‘¥¹œµ±¥¹Õàµ…É´ØÐµ¹Ôˆè€ˆÄ¸È¸ÄÄˆ°(€€€€€€€€‰É½±±‘½Ý¸½‰¥¹‘¥¹œµ±¥¹Õàµ…É´ØÐµµÕÍ°ˆè€ˆÄ¸È¸ÄÄˆ°(€€€€€€€€‰É½±±‘½Ý¸½‰¥¹‘¥¹œµ±¥¹ÕàµÁÁŒØÐµ¹Ôˆè€ˆÄ¸È¸ÄÄˆ°(€€€€€€€€‰É½±±‘½Ý¸½‰¥¹‘¥¹œµ±¥¹ÕàµÌÌäÁàµ¹Ôˆè€ˆÄ¸È¸ÄÄˆ°(€€€€€€€€‰É½±±‘½Ý¸½‰¥¹‘¥¹œµ±¥¹ÕàµàØÐµ¹Ôˆè€ˆÄ¸È¸ÄÄˆ°(€€€€€€€€‰É½±±‘½Ý¸½‰¥¹‘¥¹œµ±¥¹ÕàµàØÐµµÕÍ°ˆè€ˆÄ¸È¸ÄÄˆ°(€€€€€€€€‰É½±±‘½Ý¸½‰¥¹‘¥¹œµ½Á•¹¡…Éµ½¹äµ…É´ØÐˆè€ˆÄ¸È¸ÄÄˆ°(€€€€€€€€‰É½±±‘½Ý¸½‰¥¹‘¥¹œµÝ¥¸ÌÈµ…É´ØÐµµÍÙŒˆè€ˆÄ¸È¸ÄÄˆ°(€€€€€€€€‰É½±±‘½Ý¸½‰¥¹‘¥¹œµÝ¥¸ÌÈµàØÐµµÍÙŒˆè€ˆÄ¸È¸ÄÄˆ(€€€€€ô(€€€ô°(€€€€‰¹½‘•}µ½‘Õ±•Ì½Í¡•‘Õ±•Èˆèì(€€€€€€‰Ù•ÉÍ¥½¸ˆè€ˆÀ¸Èà¸Àˆ°(€€€€€€‰É•Í½±Ù•ˆè€‰¡ÑÑÁÌè¼½É•¥ÍÑÉä¹¹Áµ©Ì¹½Éœ½Í¡•‘Õ±•È¼´½Í¡•‘Õ±•È´À¸Èà¸À¹Ñèˆ°(€€€€€€‰¥¹Ñ•É¥Ñäˆè€‰Í¡„ÔÄÈµ©Õ½É™µ%­%ÜáÑP­ÀÕ	aM´ÙA)©E½åeµ-åéUI%Ð½I…i%¡0­AÕ±‰DåeÔÉèÅ!‘=)‘ÅQ±áÄ­á-	µ!a)ÍéÜôôˆ°(€€€€€€‰±¥•¹Í”ˆè€‰5%Pˆ(€€€ô°(€€€€‰¹½‘•}µ½‘Õ±•Ì½Í½ÕÉ”µµ…Àµ©Ìˆèì(€€€€€€‰Ù•ÉÍ¥½¸ˆè€ˆÄ¸È¸Äˆ°(€€€€€€‰É•Í½±Ù•ˆè€‰¡ÑÑÁÌè¼½É•¥ÍÑÉä¹¹Áµ©Ì¹½Éœ½Í½ÕÉ”µµ…Àµ©Ì¼´½Í½ÕÉ”µµ…Àµ©Ì´Ä¸È¸Ä¹Ñèˆ°(€€€€€€‰¥¹Ñ•É¥Ñäˆè€‰Í¡„ÔÄÈµUa]5-¡1=ÝY-ˆÜÈá%UÑEAaá™eT­ÕÍ‘å‰ÑUÉ,¼áÕáE5ÙÉ¡=ÁÝÙé	Ý¨ÁE¡M0Ý5EŒÝÙ%Í%M	áYDà­%EáÁ™Eôôˆ°(€€€€€€‰‘•ØˆèÑÉÕ”°(€€€€€€‰±¥•¹Í”ˆè€‰	M´Ìµ±…ÕÍ”ˆ°(€€€€€€‰•¹¥¹•Ìˆèì(€€€€€€€€‰¹½‘”ˆè€ˆøôÀ¸ÄÀ¸Àˆ(€€€€€ô(€€€ô°(€€€€‰¹½‘•}µ½‘Õ±•Ì½Ñ¥¹å±½‰‰äˆèì(€€€€€€‰Ù•ÉÍ¥½¸ˆè€ˆÀ¸È¸ÄÜˆ°(€€€€€€‰É•Í½±Ù•ˆè€‰¡ÑÑÁÌè¼½É•¥ÍÑÉä¹¹Áµ©Ì¹½Éœ½Ñ¥¹å±½‰‰ä¼´½Ñ¥¹å±½‰‰ä´À¸È¸ÄÜ¹Ñèˆ°(€€€€€€‰¥¹Ñ•É¥Ñäˆè€‰Í¡„ÔÄÈµÝaH½‘eÁÅ-µ™]Á‘i©¥-)=Ý9¹‘Á5¹É\½e©YÑÑ­	™Y1!½9É±¨ÐÝµ©=Y¥Œååå9ÔØÕ…±ÍÑ9EåQ„Éœôôˆ°(€€€€€€‰‘•ØˆèÑÉÕ”°(€€€€€€‰±¥•¹Í”ˆè€‰5%Pˆ°(€€€€€€‰‘•Á•¹‘•¹¥•Ìˆèì(€€€€€€€€‰™‘¥Èˆè€‰xØ¸Ô¸Àˆ°(€€€€€€€€‰Á¥½µ…Ñ ˆè€‰xÐ¸À¸Ðˆ(€€€€€ô°(€€€€€€‰•¹¥¹•Ìˆèì(€€€€€€€€‰¹½‘”ˆè€ˆøôÄÈ¸À¸Àˆ(€€€€€ô°(€€€€€€‰™Õ¹‘¥¹œˆèì(€€€€€€€€‰ÕÉ°ˆè€‰¡ÑÑÁÌè¼½¥Ñ¡Õˆ¹½´½ÍÁ½¹Í½ÉÌ½MÕÁ•É¡ÕÁÕ•Øˆ(€€€€€ô(€€€ô°(€€€€‰¹½‘•}µ½‘Õ±•Ì½ÑÍ±¥ˆˆèì(€€€€€€‰Ù•ÉÍ¥½¸ˆè€ˆÈ¸à¸Äˆ°(€€€€€€‰É•Í½±Ù•ˆè€‰¡ÑÑÁÌè¼½É•¥ÍÑÉä¹¹Áµ©Ì¹½Éœ½ÑÍ±¥ˆ¼´½ÑÍ±¥ˆ´È¸à¸Ä¹Ñèˆ°(€€€€€€‰¥¹Ñ•É¥Ñäˆè€‰Í¡„ÔÄÈµ½)ÔäÑ!Eˆ­-Y‘ÕMUE0ÝÝ¹ÁµÅ¹™µ1Í=½¹ ÙˆÙ ÁÝ½,À½µA•aTÙŒÍÝ-XàÍ5­=Õ!AI!ÑMa--Täå%	…éL¼ÉÜôôˆ°(€€€€€€‰±¥•¹Í”ˆè€ˆÁ	Mˆ(€€€ô°(€€€€‰¹½‘•}µ½‘Õ±•Ì½Ù¥Ñ”ˆèì(€€€€€€‰Ù•ÉÍ¥½¸ˆè€ˆà¸Ì¸Äˆ°(€€€€€€‰É•Í½±Ù•ˆè€‰¡ÑÑÁÌè¼½É•¥ÍÑÉä¹¹Áµ©Ì¹½Éœ½Ù¥Ñ”¼´½Ù¥Ñ”´à¸Ì¸Ä¹Ñèˆ°(€€€€€€‰¥¹Ñ•É¥Ñäˆè€‰Í¡„ÔÄÈ´½‰Ù ååÑµaIÀÉÕadÍ]‰=±‘ÅÁQÝ­‰¡„¼á9…DÙY­á¡ ØÁ-åÅ1ÝiÄÙ±Éä¬ÑÕPÔÕàä¬å•U!5ÁDÝÕ¹=-©ôôˆ°(€€€€€€‰‘•ØˆèÑÉÕ”°(€€€€€€‰±¥•¹Í”ˆè€‰5%Pˆ°(€€€€€€‰‘•Á•¹‘•¹¥•Ìˆèì(€€€€€€€€‰±¥¡Ñ¹¥¹ÍÌˆè€‰xÄ¸ÌÌ¸Àˆ°(€€€€€€€€‰Á¥½µ…Ñ ˆè€‰xÐ¸À¸Üˆ°(€€€€€€€€‰Á½ÍÑÍÌˆè€‰xà¸Ô¸Èàˆ°(€€€€€€€€‰É½±±‘½Ý¸ˆè€‰øÄ¸È¸äˆ°(€€€€€€€€‰Ñ¥¹å±½‰‰äˆè€‰xÀ¸È¸ÄÜˆ(€€€€€ô°(€€€€€€‰‰¥¸ˆèì(€€€€€€€€‰Ù¥Ñ”ˆè€‰‰¥¸½Ù¥Ñ”¹©Ìˆ(€€€€€ô°(€€€€€€‰•¹¥¹•Ìˆèì(€€€€€€€€‰¹½‘”ˆè€‰xÈÀ¸Ää¸Àñð€øôÈÈ¸ÄÈ¸Àˆ(€€€€€ô°(€€€€€€‰™Õ¹‘¥¹œˆèì(€€€€€€€€‰ÕÉ°ˆè€‰¡ÑÑÁÌè¼½¥Ñ¡Õˆ¹½´½Ù¥Ñ•©Ì½Ù¥Ñ”ýÍÁ½¹Í½ÈôÄˆ(€€€€€ô°(€€€€€€‰½ÁÑ¥½¹…±•Á•¹‘•¹¥•Ìˆèì(€€€€€€€€‰™Í•Ù•¹ÑÌˆè€‰øÈ¸Ì¸Ìˆ(€€€€€ô°(€€€€€€‰Á••É•Á•¹‘•¹¥•Ìˆèì(€€€€€€€€‰ÑåÁ•Ì½¹½‘”ˆè€‰xÈÀ¸Ää¸Àñð€øôÈÈ¸ÄÈ¸Àˆ°(€€€€€€€€‰Ù¥Ñ•©Ì½‘•ÙÑ½½±Ìˆè€‰xÀ¸Ü¸Äˆ°(€€€€€€€€‰•Í‰Õ¥±ˆè€‰xÀ¸ÈÜ¸ÀñðxÀ¸Èà¸Àˆ°(€€€€€€€€‰©¥Ñ¤ˆè€ˆøôÄ¸ÈÄ¸Àˆ°(€€€€€€€€‰±•ÍÌˆè€‰xÐ¸À¸Àˆ°(€€€€€€€€‰Í…ÍÌˆè€‰xÄ¸ÜÀ¸Àˆ°(€€€€€€€€‰Í…ÍÌµ•µ‰•‘‘•ˆè€‰xÄ¸ÜÀ¸Àˆ°(€€€€€€€€‰ÍÑå±ÕÌˆè€ˆøôÀ¸ÔÐ¸àˆ°(€€€€€€€€‰ÍÕ…ÉÍÌˆè€‰xÔ¸À¸Àˆ°(€€€€€€€€‰Ñ•ÉÍ•Èˆè€‰xÔ¸ÄØ¸Àˆ°(€€€€€€€€‰ÑÍàˆè€‰xÐ¸à¸Äˆ°(€€€€€€€€‰å…µ°ˆè€‰xÈ¸Ð¸Èˆ(€€€€€ô°(€€€€€€‰Á••É•Á•¹‘•¹¥•Í5•Ñ„ˆèì(€€€€€€€€‰ÑåÁ•Ì½¹½‘”ˆèì(€€€€€€€€€€‰½ÁÑ¥½¹…°ˆèÑÉÕ”(€€€€€€€ô°(€€€€€€€€‰Ù¥Ñ•©Ì½‘•ÙÑ½½±Ìˆèì(€€€€€€€€€€‰½ÁÑ¥½¹…°ˆèÑÉÕ”(€€€€€€€ô°(€€€€€€€€‰•Í‰Õ¥±ˆèì(€€€€€€€€€€‰½ÁÑ¥½¹…°ˆèÑÉÕ”(€€€€€€€ô°(€€€€€€€€‰©¥Ñ¤ˆèì(€€€€€€€€€€‰½ÁÑ¥½¹…°ˆèÑÉÕ”(€€€€€€€ô°(€€€€€€€€‰±•ÍÌˆèì(€€€€€€€€€€‰½ÁÑ¥½¹…°ˆèÑÉÕ”(€€€€€€€ô°(€€€€€€€€‰Í…ÍÌˆèì(€€€€€€€€€€‰½ÁÑ¥½¹…°ˆèÑÉÕ”(€€€€€€€ô°(€€€€€€€€‰Í…ÍÌµ•µ‰•‘‘•ˆèì(€€€€€€€€€€‰½ÁÑ¥½¹…°ˆèÑÉÕ”(€€€€€€€ô°(€€€€€€€€‰ÍÑå±ÕÌˆèì(€€€€€€€€€€‰½ÁÑ¥½¹…°ˆèÑÉÕ”(€€€€€€€ô°(€€€€€€€€‰ÍÕ…ÉÍÌˆèì(€€€€€€€€€€‰½ÁÑ¥½¹…°ˆèÑÉÕ”(€€€€€€€ô°(€€€€€€€€‰Ñ•ÉÍ•Èˆèì(€€€€€€€€€€‰½ÁÑ¥½¹…°ˆèÑÉÕ”(€€€€€€€ô°(€€€€€€€€‰ÑÍàˆèì(€€€€€€€€€€‰½ÁÑ¥½¹…°ˆèÑÉÕ”(€€€€€€€ô°(€€€€€€€€‰å…µ°ˆèì(€€€€€€€€€€‰½ÁÑ¥½¹…°ˆèÑÉÕ”(€€€€€€€ô(€€€€€ô(€€€ô(€ô)ô(